// !$*UTF8*$!
{
	archiveVersion = 1;
	classes = {
	};
	objectVersion = 46;
	objects = {

/* Begin PBXBuildFile section */
		0EC9EB86767F48538AA3C519 /* UIImage+CropScaleOrientation.m in Sources */ = {isa = PBXBuildFile; fileRef = DCE6B992D4B5483D81004619 /* UIImage+CropScaleOrientation.m */; };
		1D3623260D0F684500981E51 /* AppDelegate.m in Sources */ = {isa = PBXBuildFile; fileRef = 1D3623250D0F684500981E51 /* AppDelegate.m */; };
		1D60589B0D05DD56006BFB54 /* main.m in Sources */ = {isa = PBXBuildFile; fileRef = 29B97316FDCFA39411CA2CEA /* main.m */; };
		288765FD0DF74451002DB57D /* CoreGraphics.framework in Frameworks */ = {isa = PBXBuildFile; fileRef = 288765FC0DF74451002DB57D /* CoreGraphics.framework */; };
		301BF552109A68D80062928A /* libCordova.a in Frameworks */ = {isa = PBXBuildFile; fileRef = 301BF535109A57CC0062928A /* libCordova.a */; };
		302D95F114D2391D003F00A1 /* MainViewController.m in Sources */ = {isa = PBXBuildFile; fileRef = 302D95EF14D2391D003F00A1 /* MainViewController.m */; };
		302D95F214D2391D003F00A1 /* MainViewController.xib in Resources */ = {isa = PBXBuildFile; fileRef = 302D95F014D2391D003F00A1 /* MainViewController.xib */; };
		305D5FD1115AB8F900A74A75 /* MobileCoreServices.framework in Frameworks */ = {isa = PBXBuildFile; fileRef = 305D5FD0115AB8F900A74A75 /* MobileCoreServices.framework */; };
		3088BBBD154F3926009F9C59 /* Default-Landscape@2x~ipad.png in Resources */ = {isa = PBXBuildFile; fileRef = 3088BBB7154F3926009F9C59 /* Default-Landscape@2x~ipad.png */; };
		3088BBBE154F3926009F9C59 /* Default-Landscape~ipad.png in Resources */ = {isa = PBXBuildFile; fileRef = 3088BBB8154F3926009F9C59 /* Default-Landscape~ipad.png */; };
		3088BBBF154F3926009F9C59 /* Default-Portrait@2x~ipad.png in Resources */ = {isa = PBXBuildFile; fileRef = 3088BBB9154F3926009F9C59 /* Default-Portrait@2x~ipad.png */; };
		3088BBC0154F3926009F9C59 /* Default-Portrait~ipad.png in Resources */ = {isa = PBXBuildFile; fileRef = 3088BBBA154F3926009F9C59 /* Default-Portrait~ipad.png */; };
		3088BBC1154F3926009F9C59 /* Default@2x~iphone.png in Resources */ = {isa = PBXBuildFile; fileRef = 3088BBBB154F3926009F9C59 /* Default@2x~iphone.png */; };
		3088BBC2154F3926009F9C59 /* Default~iphone.png in Resources */ = {isa = PBXBuildFile; fileRef = 3088BBBC154F3926009F9C59 /* Default~iphone.png */; };
		308D05371370CCF300D202BF /* icon-72.png in Resources */ = {isa = PBXBuildFile; fileRef = 308D052E1370CCF300D202BF /* icon-72.png */; };
		308D05381370CCF300D202BF /* icon.png in Resources */ = {isa = PBXBuildFile; fileRef = 308D052F1370CCF300D202BF /* icon.png */; };
		308D05391370CCF300D202BF /* icon@2x.png in Resources */ = {isa = PBXBuildFile; fileRef = 308D05301370CCF300D202BF /* icon@2x.png */; };
		30B4F30019D5E07200D9F7D8 /* Default-667h.png in Resources */ = {isa = PBXBuildFile; fileRef = 30B4F2FD19D5E07200D9F7D8 /* Default-667h.png */; };
		30B4F30119D5E07200D9F7D8 /* Default-736h.png in Resources */ = {isa = PBXBuildFile; fileRef = 30B4F2FE19D5E07200D9F7D8 /* Default-736h.png */; };
		30B4F30219D5E07200D9F7D8 /* Default-Landscape-736h.png in Resources */ = {isa = PBXBuildFile; fileRef = 30B4F2FF19D5E07200D9F7D8 /* Default-Landscape-736h.png */; };
		30C1856619D5FC0A00212699 /* icon-60@3x.png in Resources */ = {isa = PBXBuildFile; fileRef = 30C1856519D5FC0A00212699 /* icon-60@3x.png */; };
		30FC414916E50CA1004E6F35 /* icon-72@2x.png in Resources */ = {isa = PBXBuildFile; fileRef = 30FC414816E50CA1004E6F35 /* icon-72@2x.png */; };
		5B1594DD16A7569C00FEF299 /* AssetsLibrary.framework in Frameworks */ = {isa = PBXBuildFile; fileRef = 5B1594DC16A7569C00FEF299 /* AssetsLibrary.framework */; };
		6A36C782A778497D86C66035 /* CDVJpegHeaderWriter.m in Sources */ = {isa = PBXBuildFile; fileRef = 8BBFB5BFD36543A7A847DF84 /* CDVJpegHeaderWriter.m */; };
		7E7966DE1810823500FA85AD /* icon-40.png in Resources */ = {isa = PBXBuildFile; fileRef = 7E7966D41810823500FA85AD /* icon-40.png */; };
		7E7966DF1810823500FA85AD /* icon-40@2x.png in Resources */ = {isa = PBXBuildFile; fileRef = 7E7966D51810823500FA85AD /* icon-40@2x.png */; };
		7E7966E01810823500FA85AD /* icon-50.png in Resources */ = {isa = PBXBuildFile; fileRef = 7E7966D61810823500FA85AD /* icon-50.png */; };
		7E7966E11810823500FA85AD /* icon-50@2x.png in Resources */ = {isa = PBXBuildFile; fileRef = 7E7966D71810823500FA85AD /* icon-50@2x.png */; };
		7E7966E21810823500FA85AD /* icon-60.png in Resources */ = {isa = PBXBuildFile; fileRef = 7E7966D81810823500FA85AD /* icon-60.png */; };
		7E7966E31810823500FA85AD /* icon-60@2x.png in Resources */ = {isa = PBXBuildFile; fileRef = 7E7966D91810823500FA85AD /* icon-60@2x.png */; };
		7E7966E41810823500FA85AD /* icon-76.png in Resources */ = {isa = PBXBuildFile; fileRef = 7E7966DA1810823500FA85AD /* icon-76.png */; };
		7E7966E51810823500FA85AD /* icon-76@2x.png in Resources */ = {isa = PBXBuildFile; fileRef = 7E7966DB1810823500FA85AD /* icon-76@2x.png */; };
		7E7966E61810823500FA85AD /* icon-small.png in Resources */ = {isa = PBXBuildFile; fileRef = 7E7966DC1810823500FA85AD /* icon-small.png */; };
		7E7966E71810823500FA85AD /* icon-small@2x.png in Resources */ = {isa = PBXBuildFile; fileRef = 7E7966DD1810823500FA85AD /* icon-small@2x.png */; };
		859609AA9FF7421CB196228C /* CDVCamera.m in Sources */ = {isa = PBXBuildFile; fileRef = 28C318E32F6F4654AB33B8FE /* CDVCamera.m */; };
		955CDE09CF2747A39D198D8A /* CoreLocation.framework in Frameworks */ = {isa = PBXBuildFile; fileRef = 2BF85B406DB244738638B82A /* CoreLocation.framework */; };
		A106A3FA1BC8D399001481D0 /* BaseNativeBridge.m in Sources */ = {isa = PBXBuildFile; fileRef = A106A3D41BC8D399001481D0 /* BaseNativeBridge.m */; };
		A106A3FB1BC8D399001481D0 /* BookNativeBridge.m in Sources */ = {isa = PBXBuildFile; fileRef = A106A3D61BC8D399001481D0 /* BookNativeBridge.m */; };
		A106A3FC1BC8D399001481D0 /* CommonNetworkEngine.m in Sources */ = {isa = PBXBuildFile; fileRef = A106A3D71BC8D399001481D0 /* CommonNetworkEngine.m */; };
		A106A3FD1BC8D399001481D0 /* CommonNetworkOperation.m in Sources */ = {isa = PBXBuildFile; fileRef = A106A3D91BC8D399001481D0 /* CommonNetworkOperation.m */; };
		A106A3FE1BC8D399001481D0 /* FlowNativeBridge.m in Sources */ = {isa = PBXBuildFile; fileRef = A106A3DB1BC8D399001481D0 /* FlowNativeBridge.m */; };
		A106A3FF1BC8D399001481D0 /* Global.m in Sources */ = {isa = PBXBuildFile; fileRef = A106A3DD1BC8D399001481D0 /* Global.m */; };
		A106A4001BC8D399001481D0 /* NetworkEngine.m in Sources */ = {isa = PBXBuildFile; fileRef = A106A3E01BC8D399001481D0 /* NetworkEngine.m */; };
		A106A4011BC8D399001481D0 /* NSData+Base64.m in Sources */ = {isa = PBXBuildFile; fileRef = A106A3E21BC8D399001481D0 /* NSData+Base64.m */; };
		A106A4021BC8D399001481D0 /* NSDate+RFC1123.m in Sources */ = {isa = PBXBuildFile; fileRef = A106A3E41BC8D399001481D0 /* NSDate+RFC1123.m */; };
		A106A4031BC8D399001481D0 /* NSDictionary+RequestEncoding.m in Sources */ = {isa = PBXBuildFile; fileRef = A106A3E61BC8D399001481D0 /* NSDictionary+RequestEncoding.m */; };
		A106A4041BC8D399001481D0 /* NSString+MD5Addition.m in Sources */ = {isa = PBXBuildFile; fileRef = A106A3E81BC8D399001481D0 /* NSString+MD5Addition.m */; };
		A106A4051BC8D399001481D0 /* NSString+NetworkKitAdditions.m in Sources */ = {isa = PBXBuildFile; fileRef = A106A3EA1BC8D399001481D0 /* NSString+NetworkKitAdditions.m */; };
		A106A4061BC8D399001481D0 /* ProjectViewController.m in Sources */ = {isa = PBXBuildFile; fileRef = A106A3EC1BC8D399001481D0 /* ProjectViewController.m */; };
		A106A4071BC8D399001481D0 /* QRCodeOutlineBox.m in Sources */ = {isa = PBXBuildFile; fileRef = A106A3EE1BC8D399001481D0 /* QRCodeOutlineBox.m */; };
		A106A4081BC8D399001481D0 /* QRCodeViewController.m in Sources */ = {isa = PBXBuildFile; fileRef = A106A3F01BC8D399001481D0 /* QRCodeViewController.m */; };
		A106A4091BC8D399001481D0 /* QRCodeViewController.xib in Resources */ = {isa = PBXBuildFile; fileRef = A106A3F11BC8D399001481D0 /* QRCodeViewController.xib */; };
		A106A40A1BC8D399001481D0 /* ResubmittableRecordStore.m in Sources */ = {isa = PBXBuildFile; fileRef = A106A3F31BC8D399001481D0 /* ResubmittableRecordStore.m */; };
		A106A40B1BC8D399001481D0 /* SecurityContext.m in Sources */ = {isa = PBXBuildFile; fileRef = A106A3F51BC8D399001481D0 /* SecurityContext.m */; };
		A106A40C1BC8D399001481D0 /* UIDevice+IdentifierAddition.m in Sources */ = {isa = PBXBuildFile; fileRef = A106A3F71BC8D399001481D0 /* UIDevice+IdentifierAddition.m */; };
		A106A40D1BC8D399001481D0 /* UserDetails.m in Sources */ = {isa = PBXBuildFile; fileRef = A106A3F91BC8D399001481D0 /* UserDetails.m */; };
		A10C21041B9AB62000F183C1 /* Pods.framework in Frameworks */ = {isa = PBXBuildFile; fileRef = A10C21031B9AB62000F183C1 /* Pods.framework */; };
		A1133D9D1BD5ED0C0041746B /* libBVLinearGradient.a in Frameworks */ = {isa = PBXBuildFile; fileRef = A1133D8F1BD5ECFF0041746B /* libBVLinearGradient.a */; };
		A12252991BDF7129000CFD8C /* MaterialIcons.js in Resources */ = {isa = PBXBuildFile; fileRef = A12252981BDF7129000CFD8C /* MaterialIcons.js */; };
		A124BCB31BCFF4F8004105D1 /* libRCTActionSheet.a in Frameworks */ = {isa = PBXBuildFile; fileRef = A124BCAC1BCFF391004105D1 /* libRCTActionSheet.a */; };
		A124BCB41BCFF4F8004105D1 /* libRCTGeolocation.a in Frameworks */ = {isa = PBXBuildFile; fileRef = A124BCA61BCFF37F004105D1 /* libRCTGeolocation.a */; };
		A124BCB51BCFF4F8004105D1 /* libRCTImage.a in Frameworks */ = {isa = PBXBuildFile; fileRef = A124BCA01BCFF36E004105D1 /* libRCTImage.a */; };
		A124BCB61BCFF4F8004105D1 /* libRCTLinking.a in Frameworks */ = {isa = PBXBuildFile; fileRef = A124BC9A1BCFF35E004105D1 /* libRCTLinking.a */; };
		A124BCB71BCFF4F8004105D1 /* libRCTNetwork.a in Frameworks */ = {isa = PBXBuildFile; fileRef = A124BC941BCFF34E004105D1 /* libRCTNetwork.a */; };
		A124BCB81BCFF4F8004105D1 /* libRCTSettings.a in Frameworks */ = {isa = PBXBuildFile; fileRef = A124BC8E1BCFF337004105D1 /* libRCTSettings.a */; };
		A124BCB91BCFF4F8004105D1 /* libRCTText.a in Frameworks */ = {isa = PBXBuildFile; fileRef = A124BC881BCFF327004105D1 /* libRCTText.a */; };
		A124BCBA1BCFF4F8004105D1 /* libRCTVibration.a in Frameworks */ = {isa = PBXBuildFile; fileRef = A124BC821BCFF312004105D1 /* libRCTVibration.a */; };
		A124BCBB1BCFF4F8004105D1 /* libRCTWebSocket.a in Frameworks */ = {isa = PBXBuildFile; fileRef = A124BC7C1BCFF2FD004105D1 /* libRCTWebSocket.a */; };
		A124BCBC1BCFF4F8004105D1 /* libReact.a in Frameworks */ = {isa = PBXBuildFile; fileRef = A124BCB21BCFF3BD004105D1 /* libReact.a */; };
		A124BCC01BCFF578004105D1 /* main.jsbundle in Resources */ = {isa = PBXBuildFile; fileRef = A124BCBF1BCFF578004105D1 /* main.jsbundle */; };
		A124BCCD1BCFF74F004105D1 /* LaunchScreen.xib in Resources */ = {isa = PBXBuildFile; fileRef = A124BCCB1BCFF74F004105D1 /* LaunchScreen.xib */; };
		A1371FE81BDE1CCD005EFA0D /* LocalResourceManager.m in Sources */ = {isa = PBXBuildFile; fileRef = A1371FE71BDE1CCD005EFA0D /* LocalResourceManager.m */; };
		A14A4D9C1BD3731500651768 /* libRNVectorIcons.a in Frameworks */ = {isa = PBXBuildFile; fileRef = A14A4D9B1BD3731000651768 /* libRNVectorIcons.a */; };
		A14A4DA61BD3736A00651768 /* Entypo.ttf in Resources */ = {isa = PBXBuildFile; fileRef = A14A4D9E1BD3736A00651768 /* Entypo.ttf */; };
		A14A4DA71BD3736A00651768 /* EvilIcons.ttf in Resources */ = {isa = PBXBuildFile; fileRef = A14A4D9F1BD3736A00651768 /* EvilIcons.ttf */; };
		A14A4DA81BD3736A00651768 /* FontAwesome.ttf in Resources */ = {isa = PBXBuildFile; fileRef = A14A4DA01BD3736A00651768 /* FontAwesome.ttf */; };
		A14A4DA91BD3736A00651768 /* Foundation.ttf in Resources */ = {isa = PBXBuildFile; fileRef = A14A4DA11BD3736A00651768 /* Foundation.ttf */; };
		A14A4DAA1BD3736A00651768 /* Ionicons.ttf in Resources */ = {isa = PBXBuildFile; fileRef = A14A4DA21BD3736A00651768 /* Ionicons.ttf */; };
		A14A4DAB1BD3736A00651768 /* MaterialIcons.ttf in Resources */ = {isa = PBXBuildFile; fileRef = A14A4DA31BD3736A00651768 /* MaterialIcons.ttf */; };
		A14A4DAC1BD3736A00651768 /* Octicons.ttf in Resources */ = {isa = PBXBuildFile; fileRef = A14A4DA41BD3736A00651768 /* Octicons.ttf */; };
		A14A4DAD1BD3736A00651768 /* Zocial.ttf in Resources */ = {isa = PBXBuildFile; fileRef = A14A4DA51BD3736A00651768 /* Zocial.ttf */; };
		A17A481B1BE36B4800205CDE /* book-1.png in Resources */ = {isa = PBXBuildFile; fileRef = A17A48181BE36B4800205CDE /* book-1.png */; };
		A17A481C1BE36B4800205CDE /* book-2.png in Resources */ = {isa = PBXBuildFile; fileRef = A17A48191BE36B4800205CDE /* book-2.png */; };
		A17A481D1BE36B4800205CDE /* book-3.png in Resources */ = {isa = PBXBuildFile; fileRef = A17A481A1BE36B4800205CDE /* book-3.png */; };
		A1877F701BD5321800EACBDB /* libRNOverlay.a in Frameworks */ = {isa = PBXBuildFile; fileRef = A1877F6F1BD5320D00EACBDB /* libRNOverlay.a */; };
		A1926F641B96F529000686B7 /* Settings.bundle in Resources */ = {isa = PBXBuildFile; fileRef = A1926F631B96F529000686B7 /* Settings.bundle */; };
		A1B101CC1BDDCD940021D129 /* dog1-character.png in Resources */ = {isa = PBXBuildFile; fileRef = A1B101C91BDDCD940021D129 /* dog1-character.png */; };
		A1B101CE1BDDCD940021D129 /* fox-character.png in Resources */ = {isa = PBXBuildFile; fileRef = A1B101CB1BDDCD940021D129 /* fox-character.png */; };
		A1B101DE1BDDCF6F0021D129 /* Images.xcassets in Resources */ = {isa = PBXBuildFile; fileRef = A1B101DD1BDDCF6F0021D129 /* Images.xcassets */; };
		A1C83C0E1BD6864800D29F76 /* libRNBlur.a in Frameworks */ = {isa = PBXBuildFile; fileRef = A1C83C0D1BD6864300D29F76 /* libRNBlur.a */; };
		CE739B2ABA07434F987D0BEF /* ImageIO.framework in Frameworks */ = {isa = PBXBuildFile; fileRef = 1FD8F7F721944A798BD4FD75 /* ImageIO.framework */; settings = {ATTRIBUTES = (Weak, ); }; };
		D4A0D8761607E02300AEF8BB /* Default-568h@2x~iphone.png in Resources */ = {isa = PBXBuildFile; fileRef = D4A0D8751607E02300AEF8BB /* Default-568h@2x~iphone.png */; };
		F37FD703F3164365B0C5CE33 /* AVFoundation.framework in Frameworks */ = {isa = PBXBuildFile; fileRef = 638C09EDAA2942708E0D0C99 /* AVFoundation.framework */; };
/* End PBXBuildFile section */

/* Begin PBXContainerItemProxy section */
		301BF534109A57CC0062928A /* PBXContainerItemProxy */ = {
			isa = PBXContainerItemProxy;
			containerPortal = 301BF52D109A57CC0062928A /* CordovaLib.xcodeproj */;
			proxyType = 2;
			remoteGlobalIDString = D2AAC07E0554694100DB518D;
			remoteInfo = CordovaLib;
		};
		301BF550109A68C00062928A /* PBXContainerItemProxy */ = {
			isa = PBXContainerItemProxy;
			containerPortal = 301BF52D109A57CC0062928A /* CordovaLib.xcodeproj */;
			proxyType = 1;
			remoteGlobalIDString = D2AAC07D0554694100DB518D;
			remoteInfo = CordovaLib;
		};
		A1133D8E1BD5ECFF0041746B /* PBXContainerItemProxy */ = {
			isa = PBXContainerItemProxy;
			containerPortal = A1133D8A1BD5ECFF0041746B /* BVLinearGradient.xcodeproj */;
			proxyType = 2;
			remoteGlobalIDString = 134814201AA4EA6300B7C361;
			remoteInfo = BVLinearGradient;
		};
		A124BC7B1BCFF2FD004105D1 /* PBXContainerItemProxy */ = {
			isa = PBXContainerItemProxy;
			containerPortal = A124BC771BCFF2FD004105D1 /* RCTWebSocket.xcodeproj */;
			proxyType = 2;
			remoteGlobalIDString = 3C86DF461ADF2C930047B81A;
			remoteInfo = RCTWebSocket;
		};
		A124BC811BCFF312004105D1 /* PBXContainerItemProxy */ = {
			isa = PBXContainerItemProxy;
			containerPortal = A124BC7D1BCFF312004105D1 /* RCTVibration.xcodeproj */;
			proxyType = 2;
			remoteGlobalIDString = 832C81801AAF6DEF007FA2F7;
			remoteInfo = RCTVibration;
		};
		A124BC871BCFF327004105D1 /* PBXContainerItemProxy */ = {
			isa = PBXContainerItemProxy;
			containerPortal = A124BC831BCFF327004105D1 /* RCTText.xcodeproj */;
			proxyType = 2;
			remoteGlobalIDString = 58B5119B1A9E6C1200147676;
			remoteInfo = RCTText;
		};
		A124BC8D1BCFF337004105D1 /* PBXContainerItemProxy */ = {
			isa = PBXContainerItemProxy;
			containerPortal = A124BC891BCFF337004105D1 /* RCTSettings.xcodeproj */;
			proxyType = 2;
			remoteGlobalIDString = 134814201AA4EA6300B7C361;
			remoteInfo = RCTSettings;
		};
		A124BC931BCFF34E004105D1 /* PBXContainerItemProxy */ = {
			isa = PBXContainerItemProxy;
			containerPortal = A124BC8F1BCFF34E004105D1 /* RCTNetwork.xcodeproj */;
			proxyType = 2;
			remoteGlobalIDString = 58B511DB1A9E6C8500147676;
			remoteInfo = RCTNetwork;
		};
		A124BC991BCFF35E004105D1 /* PBXContainerItemProxy */ = {
			isa = PBXContainerItemProxy;
			containerPortal = A124BC951BCFF35E004105D1 /* RCTLinking.xcodeproj */;
			proxyType = 2;
			remoteGlobalIDString = 134814201AA4EA6300B7C361;
			remoteInfo = RCTLinking;
		};
		A124BC9F1BCFF36E004105D1 /* PBXContainerItemProxy */ = {
			isa = PBXContainerItemProxy;
			containerPortal = A124BC9B1BCFF36E004105D1 /* RCTImage.xcodeproj */;
			proxyType = 2;
			remoteGlobalIDString = 58B5115D1A9E6B3D00147676;
			remoteInfo = RCTImage;
		};
		A124BCA51BCFF37F004105D1 /* PBXContainerItemProxy */ = {
			isa = PBXContainerItemProxy;
			containerPortal = A124BCA11BCFF37F004105D1 /* RCTGeolocation.xcodeproj */;
			proxyType = 2;
			remoteGlobalIDString = 134814201AA4EA6300B7C361;
			remoteInfo = RCTGeolocation;
		};
		A124BCAB1BCFF391004105D1 /* PBXContainerItemProxy */ = {
			isa = PBXContainerItemProxy;
			containerPortal = A124BCA71BCFF391004105D1 /* RCTActionSheet.xcodeproj */;
			proxyType = 2;
			remoteGlobalIDString = 134814201AA4EA6300B7C361;
			remoteInfo = RCTActionSheet;
		};
		A124BCB11BCFF3BD004105D1 /* PBXContainerItemProxy */ = {
			isa = PBXContainerItemProxy;
			containerPortal = A124BCAD1BCFF3BC004105D1 /* React.xcodeproj */;
			proxyType = 2;
			remoteGlobalIDString = 83CBBA2E1A601D0E00E9B192;
			remoteInfo = React;
		};
		A14A4D9A1BD3731000651768 /* PBXContainerItemProxy */ = {
			isa = PBXContainerItemProxy;
			containerPortal = A14A4D961BD3730F00651768 /* RNVectorIcons.xcodeproj */;
			proxyType = 2;
			remoteGlobalIDString = 5DBEB1501B18CEA900B34395;
			remoteInfo = RNVectorIcons;
		};
		A1877F6E1BD5320D00EACBDB /* PBXContainerItemProxy */ = {
			isa = PBXContainerItemProxy;
			containerPortal = A1877F6A1BD5320D00EACBDB /* RNOverlay.xcodeproj */;
			proxyType = 2;
			remoteGlobalIDString = 134814201AA4EA6300B7C361;
			remoteInfo = RNOverlay;
		};
		A1C83C0C1BD6864300D29F76 /* PBXContainerItemProxy */ = {
			isa = PBXContainerItemProxy;
			containerPortal = A1C83C081BD6864300D29F76 /* RNBlur.xcodeproj */;
			proxyType = 2;
			remoteGlobalIDString = A68BD7BC1BC31318005F02DF;
			remoteInfo = RNBlur;
		};
/* End PBXContainerItemProxy section */

/* Begin PBXFileReference section */
		04A52CAC7F6F4E90A4B02952 /* CDVExif.h */ = {isa = PBXFileReference; fileEncoding = 4; lastKnownFileType = sourcecode.c.h; name = CDVExif.h; path = "cordova-plugin-camera/CDVExif.h"; sourceTree = "<group>"; };
		1D3623240D0F684500981E51 /* AppDelegate.h */ = {isa = PBXFileReference; fileEncoding = 4; lastKnownFileType = sourcecode.c.h; path = AppDelegate.h; sourceTree = "<group>"; };
		1D3623250D0F684500981E51 /* AppDelegate.m */ = {isa = PBXFileReference; fileEncoding = 4; lastKnownFileType = sourcecode.c.objc; path = AppDelegate.m; sourceTree = "<group>"; };
		1D6058910D05DD3D006BFB54 /* MeeletBook.app */ = {isa = PBXFileReference; explicitFileType = wrapper.application; includeInIndex = 0; path = MeeletBook.app; sourceTree = BUILT_PRODUCTS_DIR; };
		1FD8F7F721944A798BD4FD75 /* ImageIO.framework */ = {isa = PBXFileReference; fileEncoding = 4; lastKnownFileType = wrapper.framework; name = ImageIO.framework; path = System/Library/Frameworks/ImageIO.framework; sourceTree = SDKROOT; };
		288765FC0DF74451002DB57D /* CoreGraphics.framework */ = {isa = PBXFileReference; lastKnownFileType = wrapper.framework; name = CoreGraphics.framework; path = System/Library/Frameworks/CoreGraphics.framework; sourceTree = SDKROOT; };
		28C318E32F6F4654AB33B8FE /* CDVCamera.m */ = {isa = PBXFileReference; fileEncoding = 4; lastKnownFileType = sourcecode.c.objc; name = CDVCamera.m; path = "cordova-plugin-camera/CDVCamera.m"; sourceTree = "<group>"; };
		29B97316FDCFA39411CA2CEA /* main.m */ = {isa = PBXFileReference; fileEncoding = 4; lastKnownFileType = sourcecode.c.objc; path = main.m; sourceTree = "<group>"; };
		2BF85B406DB244738638B82A /* CoreLocation.framework */ = {isa = PBXFileReference; fileEncoding = 4; lastKnownFileType = wrapper.framework; name = CoreLocation.framework; path = System/Library/Frameworks/CoreLocation.framework; sourceTree = SDKROOT; };
		301BF52D109A57CC0062928A /* CordovaLib.xcodeproj */ = {isa = PBXFileReference; lastKnownFileType = "wrapper.pb-project"; name = CordovaLib.xcodeproj; path = CordovaLib/CordovaLib.xcodeproj; sourceTree = "<group>"; };
		301BF56E109A69640062928A /* www */ = {isa = PBXFileReference; lastKnownFileType = folder; path = www; sourceTree = SOURCE_ROOT; };
		302D95EE14D2391D003F00A1 /* MainViewController.h */ = {isa = PBXFileReference; fileEncoding = 4; lastKnownFileType = sourcecode.c.h; path = MainViewController.h; sourceTree = "<group>"; };
		302D95EF14D2391D003F00A1 /* MainViewController.m */ = {isa = PBXFileReference; fileEncoding = 4; lastKnownFileType = sourcecode.c.objc; path = MainViewController.m; sourceTree = "<group>"; };
		302D95F014D2391D003F00A1 /* MainViewController.xib */ = {isa = PBXFileReference; fileEncoding = 4; lastKnownFileType = file.xib; path = MainViewController.xib; sourceTree = "<group>"; };
		305D5FD0115AB8F900A74A75 /* MobileCoreServices.framework */ = {isa = PBXFileReference; lastKnownFileType = wrapper.framework; name = MobileCoreServices.framework; path = System/Library/Frameworks/MobileCoreServices.framework; sourceTree = SDKROOT; };
		3088BBB7154F3926009F9C59 /* Default-Landscape@2x~ipad.png */ = {isa = PBXFileReference; lastKnownFileType = image.png; path = "Default-Landscape@2x~ipad.png"; sourceTree = "<group>"; };
		3088BBB8154F3926009F9C59 /* Default-Landscape~ipad.png */ = {isa = PBXFileReference; lastKnownFileType = image.png; path = "Default-Landscape~ipad.png"; sourceTree = "<group>"; };
		3088BBB9154F3926009F9C59 /* Default-Portrait@2x~ipad.png */ = {isa = PBXFileReference; lastKnownFileType = image.png; path = "Default-Portrait@2x~ipad.png"; sourceTree = "<group>"; };
		3088BBBA154F3926009F9C59 /* Default-Portrait~ipad.png */ = {isa = PBXFileReference; lastKnownFileType = image.png; path = "Default-Portrait~ipad.png"; sourceTree = "<group>"; };
		3088BBBB154F3926009F9C59 /* Default@2x~iphone.png */ = {isa = PBXFileReference; lastKnownFileType = image.png; path = "Default@2x~iphone.png"; sourceTree = "<group>"; };
		3088BBBC154F3926009F9C59 /* Default~iphone.png */ = {isa = PBXFileReference; lastKnownFileType = image.png; path = "Default~iphone.png"; sourceTree = "<group>"; };
		308D052E1370CCF300D202BF /* icon-72.png */ = {isa = PBXFileReference; lastKnownFileType = image.png; path = "icon-72.png"; sourceTree = "<group>"; };
		308D052F1370CCF300D202BF /* icon.png */ = {isa = PBXFileReference; lastKnownFileType = image.png; path = icon.png; sourceTree = "<group>"; };
		308D05301370CCF300D202BF /* icon@2x.png */ = {isa = PBXFileReference; lastKnownFileType = image.png; path = "icon@2x.png"; sourceTree = "<group>"; };
		30B4F2FD19D5E07200D9F7D8 /* Default-667h.png */ = {isa = PBXFileReference; lastKnownFileType = image.png; path = "Default-667h.png"; sourceTree = "<group>"; };
		30B4F2FE19D5E07200D9F7D8 /* Default-736h.png */ = {isa = PBXFileReference; lastKnownFileType = image.png; path = "Default-736h.png"; sourceTree = "<group>"; };
		30B4F2FF19D5E07200D9F7D8 /* Default-Landscape-736h.png */ = {isa = PBXFileReference; lastKnownFileType = image.png; path = "Default-Landscape-736h.png"; sourceTree = "<group>"; };
		30C1856519D5FC0A00212699 /* icon-60@3x.png */ = {isa = PBXFileReference; lastKnownFileType = image.png; path = "icon-60@3x.png"; sourceTree = "<group>"; };
		30FC414816E50CA1004E6F35 /* icon-72@2x.png */ = {isa = PBXFileReference; lastKnownFileType = image.png; path = "icon-72@2x.png"; sourceTree = "<group>"; };
		32CA4F630368D1EE00C91783 /* MeeletBook-Prefix.pch */ = {isa = PBXFileReference; fileEncoding = 4; lastKnownFileType = sourcecode.c.h; path = "MeeletBook-Prefix.pch"; sourceTree = "<group>"; };
		4417C82B30224E9EE73B8DA6 /* Pods-MeeletBook.debug.xcconfig */ = {isa = PBXFileReference; includeInIndex = 1; lastKnownFileType = text.xcconfig; name = "Pods-MeeletBook.debug.xcconfig"; path = "Pods/Target Support Files/Pods-MeeletBook/Pods-MeeletBook.debug.xcconfig"; sourceTree = "<group>"; };
		4BB74F2937BD4E51AB43F1CD /* UIImage+CropScaleOrientation.h */ = {isa = PBXFileReference; fileEncoding = 4; lastKnownFileType = sourcecode.c.h; name = "UIImage+CropScaleOrientation.h"; path = "cordova-plugin-camera/UIImage+CropScaleOrientation.h"; sourceTree = "<group>"; };
		5B1594DC16A7569C00FEF299 /* AssetsLibrary.framework */ = {isa = PBXFileReference; lastKnownFileType = wrapper.framework; name = AssetsLibrary.framework; path = System/Library/Frameworks/AssetsLibrary.framework; sourceTree = SDKROOT; };
		638C09EDAA2942708E0D0C99 /* AVFoundation.framework */ = {isa = PBXFileReference; fileEncoding = 4; lastKnownFileType = wrapper.framework; name = AVFoundation.framework; path = System/Library/Frameworks/AVFoundation.framework; sourceTree = SDKROOT; };
		7C6B14CFD49DAACA4644BD2C /* Pods-MeeletBook.release.xcconfig */ = {isa = PBXFileReference; includeInIndex = 1; lastKnownFileType = text.xcconfig; name = "Pods-MeeletBook.release.xcconfig"; path = "Pods/Target Support Files/Pods-MeeletBook/Pods-MeeletBook.release.xcconfig"; sourceTree = "<group>"; };
		7E7966D41810823500FA85AD /* icon-40.png */ = {isa = PBXFileReference; lastKnownFileType = image.png; path = "icon-40.png"; sourceTree = "<group>"; };
		7E7966D51810823500FA85AD /* icon-40@2x.png */ = {isa = PBXFileReference; lastKnownFileType = image.png; path = "icon-40@2x.png"; sourceTree = "<group>"; };
		7E7966D61810823500FA85AD /* icon-50.png */ = {isa = PBXFileReference; lastKnownFileType = image.png; path = "icon-50.png"; sourceTree = "<group>"; };
		7E7966D71810823500FA85AD /* icon-50@2x.png */ = {isa = PBXFileReference; lastKnownFileType = image.png; path = "icon-50@2x.png"; sourceTree = "<group>"; };
		7E7966D81810823500FA85AD /* icon-60.png */ = {isa = PBXFileReference; lastKnownFileType = image.png; path = "icon-60.png"; sourceTree = "<group>"; };
		7E7966D91810823500FA85AD /* icon-60@2x.png */ = {isa = PBXFileReference; lastKnownFileType = image.png; path = "icon-60@2x.png"; sourceTree = "<group>"; };
		7E7966DA1810823500FA85AD /* icon-76.png */ = {isa = PBXFileReference; lastKnownFileType = image.png; path = "icon-76.png"; sourceTree = "<group>"; };
		7E7966DB1810823500FA85AD /* icon-76@2x.png */ = {isa = PBXFileReference; lastKnownFileType = image.png; path = "icon-76@2x.png"; sourceTree = "<group>"; };
		7E7966DC1810823500FA85AD /* icon-small.png */ = {isa = PBXFileReference; lastKnownFileType = image.png; path = "icon-small.png"; sourceTree = "<group>"; };
		7E7966DD1810823500FA85AD /* icon-small@2x.png */ = {isa = PBXFileReference; lastKnownFileType = image.png; path = "icon-small@2x.png"; sourceTree = "<group>"; };
		8BBFB5BFD36543A7A847DF84 /* CDVJpegHeaderWriter.m */ = {isa = PBXFileReference; fileEncoding = 4; lastKnownFileType = sourcecode.c.objc; name = CDVJpegHeaderWriter.m; path = "cordova-plugin-camera/CDVJpegHeaderWriter.m"; sourceTree = "<group>"; };
		8D1107310486CEB800E47090 /* MeeletBook-Info.plist */ = {isa = PBXFileReference; fileEncoding = 4; lastKnownFileType = text.plist.xml; name = "MeeletBook-Info.plist"; path = "../MeeletBook-Info.plist"; plistStructureDefinitionIdentifier = "com.apple.xcode.plist.structure-definition.iphone.info-plist"; sourceTree = "<group>"; };
		A106A3D31BC8D399001481D0 /* BaseNativeBridge.h */ = {isa = PBXFileReference; fileEncoding = 4; lastKnownFileType = sourcecode.c.h; path = BaseNativeBridge.h; sourceTree = "<group>"; };
		A106A3D41BC8D399001481D0 /* BaseNativeBridge.m */ = {isa = PBXFileReference; fileEncoding = 4; lastKnownFileType = sourcecode.c.objc; path = BaseNativeBridge.m; sourceTree = "<group>"; };
		A106A3D51BC8D399001481D0 /* BookNativeBridge.h */ = {isa = PBXFileReference; fileEncoding = 4; lastKnownFileType = sourcecode.c.h; path = BookNativeBridge.h; sourceTree = "<group>"; };
		A106A3D61BC8D399001481D0 /* BookNativeBridge.m */ = {isa = PBXFileReference; fileEncoding = 4; lastKnownFileType = sourcecode.c.objc; path = BookNativeBridge.m; sourceTree = "<group>"; };
		A106A3D71BC8D399001481D0 /* CommonNetworkEngine.m */ = {isa = PBXFileReference; fileEncoding = 4; lastKnownFileType = sourcecode.c.objc; path = CommonNetworkEngine.m; sourceTree = "<group>"; };
		A106A3D81BC8D399001481D0 /* CommonNetworkKit.h */ = {isa = PBXFileReference; fileEncoding = 4; lastKnownFileType = sourcecode.c.h; path = CommonNetworkKit.h; sourceTree = "<group>"; };
		A106A3D91BC8D399001481D0 /* CommonNetworkOperation.m */ = {isa = PBXFileReference; fileEncoding = 4; lastKnownFileType = sourcecode.c.objc; path = CommonNetworkOperation.m; sourceTree = "<group>"; };
		A106A3DA1BC8D399001481D0 /* FlowNativeBridge.h */ = {isa = PBXFileReference; fileEncoding = 4; lastKnownFileType = sourcecode.c.h; path = FlowNativeBridge.h; sourceTree = "<group>"; };
		A106A3DB1BC8D399001481D0 /* FlowNativeBridge.m */ = {isa = PBXFileReference; fileEncoding = 4; lastKnownFileType = sourcecode.c.objc; path = FlowNativeBridge.m; sourceTree = "<group>"; };
		A106A3DC1BC8D399001481D0 /* Global.h */ = {isa = PBXFileReference; fileEncoding = 4; lastKnownFileType = sourcecode.c.h; path = Global.h; sourceTree = "<group>"; };
		A106A3DD1BC8D399001481D0 /* Global.m */ = {isa = PBXFileReference; fileEncoding = 4; lastKnownFileType = sourcecode.c.objc; path = Global.m; sourceTree = "<group>"; };
		A106A3DE1BC8D399001481D0 /* LogMacro.h */ = {isa = PBXFileReference; fileEncoding = 4; lastKnownFileType = sourcecode.c.h; path = LogMacro.h; sourceTree = "<group>"; };
		A106A3DF1BC8D399001481D0 /* NetworkEngine.h */ = {isa = PBXFileReference; fileEncoding = 4; lastKnownFileType = sourcecode.c.h; path = NetworkEngine.h; sourceTree = "<group>"; };
		A106A3E01BC8D399001481D0 /* NetworkEngine.m */ = {isa = PBXFileReference; fileEncoding = 4; lastKnownFileType = sourcecode.c.objc; path = NetworkEngine.m; sourceTree = "<group>"; };
		A106A3E11BC8D399001481D0 /* NSData+Base64.h */ = {isa = PBXFileReference; fileEncoding = 4; lastKnownFileType = sourcecode.c.h; path = "NSData+Base64.h"; sourceTree = "<group>"; };
		A106A3E21BC8D399001481D0 /* NSData+Base64.m */ = {isa = PBXFileReference; fileEncoding = 4; lastKnownFileType = sourcecode.c.objc; path = "NSData+Base64.m"; sourceTree = "<group>"; };
		A106A3E31BC8D399001481D0 /* NSDate+RFC1123.h */ = {isa = PBXFileReference; fileEncoding = 4; lastKnownFileType = sourcecode.c.h; path = "NSDate+RFC1123.h"; sourceTree = "<group>"; };
		A106A3E41BC8D399001481D0 /* NSDate+RFC1123.m */ = {isa = PBXFileReference; fileEncoding = 4; lastKnownFileType = sourcecode.c.objc; path = "NSDate+RFC1123.m"; sourceTree = "<group>"; };
		A106A3E51BC8D399001481D0 /* NSDictionary+RequestEncoding.h */ = {isa = PBXFileReference; fileEncoding = 4; lastKnownFileType = sourcecode.c.h; path = "NSDictionary+RequestEncoding.h"; sourceTree = "<group>"; };
		A106A3E61BC8D399001481D0 /* NSDictionary+RequestEncoding.m */ = {isa = PBXFileReference; fileEncoding = 4; lastKnownFileType = sourcecode.c.objc; path = "NSDictionary+RequestEncoding.m"; sourceTree = "<group>"; };
		A106A3E71BC8D399001481D0 /* NSString+MD5Addition.h */ = {isa = PBXFileReference; fileEncoding = 4; lastKnownFileType = sourcecode.c.h; path = "NSString+MD5Addition.h"; sourceTree = "<group>"; };
		A106A3E81BC8D399001481D0 /* NSString+MD5Addition.m */ = {isa = PBXFileReference; fileEncoding = 4; lastKnownFileType = sourcecode.c.objc; path = "NSString+MD5Addition.m"; sourceTree = "<group>"; };
		A106A3E91BC8D399001481D0 /* NSString+NetworkKitAdditions.h */ = {isa = PBXFileReference; fileEncoding = 4; lastKnownFileType = sourcecode.c.h; path = "NSString+NetworkKitAdditions.h"; sourceTree = "<group>"; };
		A106A3EA1BC8D399001481D0 /* NSString+NetworkKitAdditions.m */ = {isa = PBXFileReference; fileEncoding = 4; lastKnownFileType = sourcecode.c.objc; path = "NSString+NetworkKitAdditions.m"; sourceTree = "<group>"; };
		A106A3EB1BC8D399001481D0 /* ProjectViewController.h */ = {isa = PBXFileReference; fileEncoding = 4; lastKnownFileType = sourcecode.c.h; path = ProjectViewController.h; sourceTree = "<group>"; };
		A106A3EC1BC8D399001481D0 /* ProjectViewController.m */ = {isa = PBXFileReference; fileEncoding = 4; lastKnownFileType = sourcecode.c.objc; path = ProjectViewController.m; sourceTree = "<group>"; };
		A106A3ED1BC8D399001481D0 /* QRCodeOutlineBox.h */ = {isa = PBXFileReference; fileEncoding = 4; lastKnownFileType = sourcecode.c.h; path = QRCodeOutlineBox.h; sourceTree = "<group>"; };
		A106A3EE1BC8D399001481D0 /* QRCodeOutlineBox.m */ = {isa = PBXFileReference; fileEncoding = 4; lastKnownFileType = sourcecode.c.objc; path = QRCodeOutlineBox.m; sourceTree = "<group>"; };
		A106A3EF1BC8D399001481D0 /* QRCodeViewController.h */ = {isa = PBXFileReference; fileEncoding = 4; lastKnownFileType = sourcecode.c.h; path = QRCodeViewController.h; sourceTree = "<group>"; };
		A106A3F01BC8D399001481D0 /* QRCodeViewController.m */ = {isa = PBXFileReference; fileEncoding = 4; lastKnownFileType = sourcecode.c.objc; path = QRCodeViewController.m; sourceTree = "<group>"; };
		A106A3F11BC8D399001481D0 /* QRCodeViewController.xib */ = {isa = PBXFileReference; fileEncoding = 4; lastKnownFileType = file.xib; path = QRCodeViewController.xib; sourceTree = "<group>"; };
		A106A3F21BC8D399001481D0 /* ResubmittableRecordStore.h */ = {isa = PBXFileReference; fileEncoding = 4; lastKnownFileType = sourcecode.c.h; path = ResubmittableRecordStore.h; sourceTree = "<group>"; };
		A106A3F31BC8D399001481D0 /* ResubmittableRecordStore.m */ = {isa = PBXFileReference; fileEncoding = 4; lastKnownFileType = sourcecode.c.objc; path = ResubmittableRecordStore.m; sourceTree = "<group>"; };
		A106A3F41BC8D399001481D0 /* SecurityContext.h */ = {isa = PBXFileReference; fileEncoding = 4; lastKnownFileType = sourcecode.c.h; path = SecurityContext.h; sourceTree = "<group>"; };
		A106A3F51BC8D399001481D0 /* SecurityContext.m */ = {isa = PBXFileReference; fileEncoding = 4; lastKnownFileType = sourcecode.c.objc; path = SecurityContext.m; sourceTree = "<group>"; };
		A106A3F61BC8D399001481D0 /* UIDevice+IdentifierAddition.h */ = {isa = PBXFileReference; fileEncoding = 4; lastKnownFileType = sourcecode.c.h; path = "UIDevice+IdentifierAddition.h"; sourceTree = "<group>"; };
		A106A3F71BC8D399001481D0 /* UIDevice+IdentifierAddition.m */ = {isa = PBXFileReference; fileEncoding = 4; lastKnownFileType = sourcecode.c.objc; path = "UIDevice+IdentifierAddition.m"; sourceTree = "<group>"; };
		A106A3F81BC8D399001481D0 /* UserDetails.h */ = {isa = PBXFileReference; fileEncoding = 4; lastKnownFileType = sourcecode.c.h; path = UserDetails.h; sourceTree = "<group>"; };
		A106A3F91BC8D399001481D0 /* UserDetails.m */ = {isa = PBXFileReference; fileEncoding = 4; lastKnownFileType = sourcecode.c.objc; path = UserDetails.m; sourceTree = "<group>"; };
		A10C21031B9AB62000F183C1 /* Pods.framework */ = {isa = PBXFileReference; lastKnownFileType = wrapper.framework; name = Pods.framework; path = Pods/build/Framework/Pods.framework; sourceTree = "<group>"; };
		A1133D8A1BD5ECFF0041746B /* BVLinearGradient.xcodeproj */ = {isa = PBXFileReference; lastKnownFileType = "wrapper.pb-project"; name = BVLinearGradient.xcodeproj; path = "../node_modules/react-native-linear-gradient/BVLinearGradient.xcodeproj"; sourceTree = "<group>"; };
		A12252981BDF7129000CFD8C /* MaterialIcons.js */ = {isa = PBXFileReference; fileEncoding = 4; lastKnownFileType = sourcecode.javascript; path = MaterialIcons.js; sourceTree = "<group>"; };
		A124BC771BCFF2FD004105D1 /* RCTWebSocket.xcodeproj */ = {isa = PBXFileReference; lastKnownFileType = "wrapper.pb-project"; name = RCTWebSocket.xcodeproj; path = "../node_modules/react-native/Libraries/WebSocket/RCTWebSocket.xcodeproj"; sourceTree = "<group>"; };
		A124BC7D1BCFF312004105D1 /* RCTVibration.xcodeproj */ = {isa = PBXFileReference; lastKnownFileType = "wrapper.pb-project"; name = RCTVibration.xcodeproj; path = "../node_modules/react-native/Libraries/Vibration/RCTVibration.xcodeproj"; sourceTree = "<group>"; };
		A124BC831BCFF327004105D1 /* RCTText.xcodeproj */ = {isa = PBXFileReference; lastKnownFileType = "wrapper.pb-project"; name = RCTText.xcodeproj; path = "../node_modules/react-native/Libraries/Text/RCTText.xcodeproj"; sourceTree = "<group>"; };
		A124BC891BCFF337004105D1 /* RCTSettings.xcodeproj */ = {isa = PBXFileReference; lastKnownFileType = "wrapper.pb-project"; name = RCTSettings.xcodeproj; path = "../node_modules/react-native/Libraries/Settings/RCTSettings.xcodeproj"; sourceTree = "<group>"; };
		A124BC8F1BCFF34E004105D1 /* RCTNetwork.xcodeproj */ = {isa = PBXFileReference; lastKnownFileType = "wrapper.pb-project"; name = RCTNetwork.xcodeproj; path = "../node_modules/react-native/Libraries/Network/RCTNetwork.xcodeproj"; sourceTree = "<group>"; };
		A124BC951BCFF35E004105D1 /* RCTLinking.xcodeproj */ = {isa = PBXFileReference; lastKnownFileType = "wrapper.pb-project"; name = RCTLinking.xcodeproj; path = "../node_modules/react-native/Libraries/LinkingIOS/RCTLinking.xcodeproj"; sourceTree = "<group>"; };
		A124BC9B1BCFF36E004105D1 /* RCTImage.xcodeproj */ = {isa = PBXFileReference; lastKnownFileType = "wrapper.pb-project"; name = RCTImage.xcodeproj; path = "../node_modules/react-native/Libraries/Image/RCTImage.xcodeproj"; sourceTree = "<group>"; };
		A124BCA11BCFF37F004105D1 /* RCTGeolocation.xcodeproj */ = {isa = PBXFileReference; lastKnownFileType = "wrapper.pb-project"; name = RCTGeolocation.xcodeproj; path = "../node_modules/react-native/Libraries/Geolocation/RCTGeolocation.xcodeproj"; sourceTree = "<group>"; };
		A124BCA71BCFF391004105D1 /* RCTActionSheet.xcodeproj */ = {isa = PBXFileReference; lastKnownFileType = "wrapper.pb-project"; name = RCTActionSheet.xcodeproj; path = "../node_modules/react-native/Libraries/ActionSheetIOS/RCTActionSheet.xcodeproj"; sourceTree = "<group>"; };
		A124BCAD1BCFF3BC004105D1 /* React.xcodeproj */ = {isa = PBXFileReference; lastKnownFileType = "wrapper.pb-project"; name = React.xcodeproj; path = "../node_modules/react-native/React/React.xcodeproj"; sourceTree = "<group>"; };
		A124BCBF1BCFF578004105D1 /* main.jsbundle */ = {isa = PBXFileReference; fileEncoding = 4; lastKnownFileType = text; path = main.jsbundle; sourceTree = SOURCE_ROOT; };
		A124BCCC1BCFF74F004105D1 /* Base */ = {isa = PBXFileReference; lastKnownFileType = file.xib; name = Base; path = MeeletBook/Base.lproj/LaunchScreen.xib; sourceTree = SOURCE_ROOT; };
		A1371FE61BDE1CCD005EFA0D /* LocalResourceManager.h */ = {isa = PBXFileReference; fileEncoding = 4; lastKnownFileType = sourcecode.c.h; path = LocalResourceManager.h; sourceTree = "<group>"; };
		A1371FE71BDE1CCD005EFA0D /* LocalResourceManager.m */ = {isa = PBXFileReference; fileEncoding = 4; lastKnownFileType = sourcecode.c.objc; path = LocalResourceManager.m; sourceTree = "<group>"; };
		A14A4D961BD3730F00651768 /* RNVectorIcons.xcodeproj */ = {isa = PBXFileReference; lastKnownFileType = "wrapper.pb-project"; name = RNVectorIcons.xcodeproj; path = "../node_modules/react-native-vector-icons/RNVectorIcons.xcodeproj"; sourceTree = "<group>"; };
		A14A4D9E1BD3736A00651768 /* Entypo.ttf */ = {isa = PBXFileReference; lastKnownFileType = file; path = Entypo.ttf; sourceTree = "<group>"; };
		A14A4D9F1BD3736A00651768 /* EvilIcons.ttf */ = {isa = PBXFileReference; lastKnownFileType = file; path = EvilIcons.ttf; sourceTree = "<group>"; };
		A14A4DA01BD3736A00651768 /* FontAwesome.ttf */ = {isa = PBXFileReference; lastKnownFileType = file; path = FontAwesome.ttf; sourceTree = "<group>"; };
		A14A4DA11BD3736A00651768 /* Foundation.ttf */ = {isa = PBXFileReference; lastKnownFileType = file; path = Foundation.ttf; sourceTree = "<group>"; };
		A14A4DA21BD3736A00651768 /* Ionicons.ttf */ = {isa = PBXFileReference; lastKnownFileType = file; path = Ionicons.ttf; sourceTree = "<group>"; };
		A14A4DA31BD3736A00651768 /* MaterialIcons.ttf */ = {isa = PBXFileReference; lastKnownFileType = file; path = MaterialIcons.ttf; sourceTree = "<group>"; };
		A14A4DA41BD3736A00651768 /* Octicons.ttf */ = {isa = PBXFileReference; lastKnownFileType = file; path = Octicons.ttf; sourceTree = "<group>"; };
		A14A4DA51BD3736A00651768 /* Zocial.ttf */ = {isa = PBXFileReference; lastKnownFileType = file; path = Zocial.ttf; sourceTree = "<group>"; };
		A17A48181BE36B4800205CDE /* book-1.png */ = {isa = PBXFileReference; lastKnownFileType = image.png; path = "book-1.png"; sourceTree = "<group>"; };
		A17A48191BE36B4800205CDE /* book-2.png */ = {isa = PBXFileReference; lastKnownFileType = image.png; path = "book-2.png"; sourceTree = "<group>"; };
		A17A481A1BE36B4800205CDE /* book-3.png */ = {isa = PBXFileReference; lastKnownFileType = image.png; path = "book-3.png"; sourceTree = "<group>"; };
		A1877F6A1BD5320D00EACBDB /* RNOverlay.xcodeproj */ = {isa = PBXFileReference; lastKnownFileType = "wrapper.pb-project"; name = RNOverlay.xcodeproj; path = "../node_modules/react-native-overlay/RNOverlay.xcodeproj"; sourceTree = "<group>"; };
		A1926F631B96F529000686B7 /* Settings.bundle */ = {isa = PBXFileReference; lastKnownFileType = "wrapper.plug-in"; path = Settings.bundle; sourceTree = "<group>"; };
		A1B101C91BDDCD940021D129 /* dog1-character.png */ = {isa = PBXFileReference; lastKnownFileType = image.png; path = "dog1-character.png"; sourceTree = "<group>"; };
		A1B101CB1BDDCD940021D129 /* fox-character.png */ = {isa = PBXFileReference; lastKnownFileType = image.png; path = "fox-character.png"; sourceTree = "<group>"; };
		A1B101DD1BDDCF6F0021D129 /* Images.xcassets */ = {isa = PBXFileReference; lastKnownFileType = folder.assetcatalog; path = Images.xcassets; sourceTree = "<group>"; };
		A1C83C081BD6864300D29F76 /* RNBlur.xcodeproj */ = {isa = PBXFileReference; lastKnownFileType = "wrapper.pb-project"; name = RNBlur.xcodeproj; path = "../node_modules/react-native-blur/ios/RNBlur.xcodeproj"; sourceTree = "<group>"; };
		BD9F39DD87664A3C9D04478D /* CDVJpegHeaderWriter.h */ = {isa = PBXFileReference; fileEncoding = 4; lastKnownFileType = sourcecode.c.h; name = CDVJpegHeaderWriter.h; path = "cordova-plugin-camera/CDVJpegHeaderWriter.h"; sourceTree = "<group>"; };
		D4A0D8751607E02300AEF8BB /* Default-568h@2x~iphone.png */ = {isa = PBXFileReference; lastKnownFileType = image.png; path = "Default-568h@2x~iphone.png"; sourceTree = "<group>"; };
		DCE6B992D4B5483D81004619 /* UIImage+CropScaleOrientation.m */ = {isa = PBXFileReference; fileEncoding = 4; lastKnownFileType = sourcecode.c.objc; name = "UIImage+CropScaleOrientation.m"; path = "cordova-plugin-camera/UIImage+CropScaleOrientation.m"; sourceTree = "<group>"; };
		EA3DFC8542F84307A3E1744A /* CDVCamera.h */ = {isa = PBXFileReference; fileEncoding = 4; lastKnownFileType = sourcecode.c.h; name = CDVCamera.h; path = "cordova-plugin-camera/CDVCamera.h"; sourceTree = "<group>"; };
		EB87FDF31871DA8E0020F90C /* www */ = {isa = PBXFileReference; lastKnownFileType = folder; name = www; path = ../../www; sourceTree = "<group>"; };
		EB87FDF41871DAF40020F90C /* config.xml */ = {isa = PBXFileReference; lastKnownFileType = text.xml; name = config.xml; path = ../../config.xml; sourceTree = "<group>"; };
		F840E1F0165FE0F500CFE078 /* config.xml */ = {isa = PBXFileReference; lastKnownFileType = text.xml; name = config.xml; path = MeeletBook/config.xml; sourceTree = "<group>"; };
/* End PBXFileReference section */

/* Begin PBXFrameworksBuildPhase section */
		1D60588F0D05DD3D006BFB54 /* Frameworks */ = {
			isa = PBXFrameworksBuildPhase;
			buildActionMask = 2147483647;
			files = (
				A1C83C0E1BD6864800D29F76 /* libRNBlur.a in Frameworks */,
				A1133D9D1BD5ED0C0041746B /* libBVLinearGradient.a in Frameworks */,
				A1877F701BD5321800EACBDB /* libRNOverlay.a in Frameworks */,
				A14A4D9C1BD3731500651768 /* libRNVectorIcons.a in Frameworks */,
				A124BCB31BCFF4F8004105D1 /* libRCTActionSheet.a in Frameworks */,
				A124BCB41BCFF4F8004105D1 /* libRCTGeolocation.a in Frameworks */,
				A124BCB51BCFF4F8004105D1 /* libRCTImage.a in Frameworks */,
				A124BCB61BCFF4F8004105D1 /* libRCTLinking.a in Frameworks */,
				A124BCB71BCFF4F8004105D1 /* libRCTNetwork.a in Frameworks */,
				A124BCB81BCFF4F8004105D1 /* libRCTSettings.a in Frameworks */,
				A124BCB91BCFF4F8004105D1 /* libRCTText.a in Frameworks */,
				A124BCBA1BCFF4F8004105D1 /* libRCTVibration.a in Frameworks */,
				A124BCBB1BCFF4F8004105D1 /* libRCTWebSocket.a in Frameworks */,
				A124BCBC1BCFF4F8004105D1 /* libReact.a in Frameworks */,
				301BF552109A68D80062928A /* libCordova.a in Frameworks */,
				A10C21041B9AB62000F183C1 /* Pods.framework in Frameworks */,
				5B1594DD16A7569C00FEF299 /* AssetsLibrary.framework in Frameworks */,
				288765FD0DF74451002DB57D /* CoreGraphics.framework in Frameworks */,
				305D5FD1115AB8F900A74A75 /* MobileCoreServices.framework in Frameworks */,
				CE739B2ABA07434F987D0BEF /* ImageIO.framework in Frameworks */,
				955CDE09CF2747A39D198D8A /* CoreLocation.framework in Frameworks */,
				F37FD703F3164365B0C5CE33 /* AVFoundation.framework in Frameworks */,
			);
			runOnlyForDeploymentPostprocessing = 0;
		};
/* End PBXFrameworksBuildPhase section */

/* Begin PBXGroup section */
		080E96DDFE201D6D7F000001 /* Classes */ = {
			isa = PBXGroup;
			children = (
				A106A3D21BC8D399001481D0 /* Common */,
				302D95EE14D2391D003F00A1 /* MainViewController.h */,
				302D95EF14D2391D003F00A1 /* MainViewController.m */,
				302D95F014D2391D003F00A1 /* MainViewController.xib */,
				1D3623240D0F684500981E51 /* AppDelegate.h */,
				1D3623250D0F684500981E51 /* AppDelegate.m */,
				A1371FE61BDE1CCD005EFA0D /* LocalResourceManager.h */,
				A1371FE71BDE1CCD005EFA0D /* LocalResourceManager.m */,
			);
			name = Classes;
			path = MeeletBook/Classes;
			sourceTree = SOURCE_ROOT;
		};
		19C28FACFE9D520D11CA2CBB /* Products */ = {
			isa = PBXGroup;
			children = (
				1D6058910D05DD3D006BFB54 /* MeeletBook.app */,
			);
			name = Products;
			sourceTree = "<group>";
		};
		29B97314FDCFA39411CA2CEA /* CustomTemplate */ = {
			isa = PBXGroup;
			children = (
				EB87FDF41871DAF40020F90C /* config.xml */,
				EB87FDF31871DA8E0020F90C /* www */,
				EB87FDF11871DA420020F90C /* Staging */,
				301BF52D109A57CC0062928A /* CordovaLib.xcodeproj */,
				080E96DDFE201D6D7F000001 /* Classes */,
				A124BC761BCFF2C2004105D1 /* Libraries */,
				307C750510C5A3420062BCA9 /* Plugins */,
				29B97315FDCFA39411CA2CEA /* Other Sources */,
				29B97317FDCFA39411CA2CEA /* Resources */,
				29B97323FDCFA39411CA2CEA /* Frameworks */,
				19C28FACFE9D520D11CA2CBB /* Products */,
				B0FEE03788AA5A7BA35E1603 /* Pods */,
			);
			name = CustomTemplate;
			sourceTree = "<group>";
		};
		29B97315FDCFA39411CA2CEA /* Other Sources */ = {
			isa = PBXGroup;
			children = (
				32CA4F630368D1EE00C91783 /* MeeletBook-Prefix.pch */,
				29B97316FDCFA39411CA2CEA /* main.m */,
			);
			name = "Other Sources";
			path = MeeletBook;
			sourceTree = "<group>";
		};
		29B97317FDCFA39411CA2CEA /* Resources */ = {
			isa = PBXGroup;
			children = (
				A17A48181BE36B4800205CDE /* book-1.png */,
				A17A48191BE36B4800205CDE /* book-2.png */,
				A17A481A1BE36B4800205CDE /* book-3.png */,
				A12252981BDF7129000CFD8C /* MaterialIcons.js */,
				A1B101C91BDDCD940021D129 /* dog1-character.png */,
				A1B101CB1BDDCD940021D129 /* fox-character.png */,
				A14A4D9D1BD3736A00651768 /* Fonts */,
				A124BCCB1BCFF74F004105D1 /* LaunchScreen.xib */,
				A124BCBF1BCFF578004105D1 /* main.jsbundle */,
				A1926F631B96F529000686B7 /* Settings.bundle */,
				308D052D1370CCF300D202BF /* icons */,
				308D05311370CCF300D202BF /* splash */,
				8D1107310486CEB800E47090 /* MeeletBook-Info.plist */,
				A1B101DD1BDDCF6F0021D129 /* Images.xcassets */,
			);
			name = Resources;
			path = MeeletBook/Resources;
			sourceTree = "<group>";
		};
		29B97323FDCFA39411CA2CEA /* Frameworks */ = {
			isa = PBXGroup;
			children = (
				A10C21031B9AB62000F183C1 /* Pods.framework */,
				5B1594DC16A7569C00FEF299 /* AssetsLibrary.framework */,
				288765FC0DF74451002DB57D /* CoreGraphics.framework */,
				305D5FD0115AB8F900A74A75 /* MobileCoreServices.framework */,
				1FD8F7F721944A798BD4FD75 /* ImageIO.framework */,
				2BF85B406DB244738638B82A /* CoreLocation.framework */,
				638C09EDAA2942708E0D0C99 /* AVFoundation.framework */,
			);
			name = Frameworks;
			sourceTree = "<group>";
		};
		301BF52E109A57CC0062928A /* Products */ = {
			isa = PBXGroup;
			children = (
				301BF535109A57CC0062928A /* libCordova.a */,
			);
			name = Products;
			sourceTree = "<group>";
		};
		307C750510C5A3420062BCA9 /* Plugins */ = {
			isa = PBXGroup;
			children = (
				DCE6B992D4B5483D81004619 /* UIImage+CropScaleOrientation.m */,
				28C318E32F6F4654AB33B8FE /* CDVCamera.m */,
				8BBFB5BFD36543A7A847DF84 /* CDVJpegHeaderWriter.m */,
				4BB74F2937BD4E51AB43F1CD /* UIImage+CropScaleOrientation.h */,
				EA3DFC8542F84307A3E1744A /* CDVCamera.h */,
				BD9F39DD87664A3C9D04478D /* CDVJpegHeaderWriter.h */,
				04A52CAC7F6F4E90A4B02952 /* CDVExif.h */,
			);
			name = Plugins;
			path = MeeletBook/Plugins;
			sourceTree = SOURCE_ROOT;
		};
		308D052D1370CCF300D202BF /* icons */ = {
			isa = PBXGroup;
			children = (
				30C1856519D5FC0A00212699 /* icon-60@3x.png */,
				7E7966D41810823500FA85AD /* icon-40.png */,
				7E7966D51810823500FA85AD /* icon-40@2x.png */,
				7E7966D61810823500FA85AD /* icon-50.png */,
				7E7966D71810823500FA85AD /* icon-50@2x.png */,
				7E7966D81810823500FA85AD /* icon-60.png */,
				7E7966D91810823500FA85AD /* icon-60@2x.png */,
				7E7966DA1810823500FA85AD /* icon-76.png */,
				7E7966DB1810823500FA85AD /* icon-76@2x.png */,
				7E7966DC1810823500FA85AD /* icon-small.png */,
				7E7966DD1810823500FA85AD /* icon-small@2x.png */,
				30FC414816E50CA1004E6F35 /* icon-72@2x.png */,
				308D052E1370CCF300D202BF /* icon-72.png */,
				308D052F1370CCF300D202BF /* icon.png */,
				308D05301370CCF300D202BF /* icon@2x.png */,
			);
			path = icons;
			sourceTree = "<group>";
		};
		308D05311370CCF300D202BF /* splash */ = {
			isa = PBXGroup;
			children = (
				30B4F2FD19D5E07200D9F7D8 /* Default-667h.png */,
				30B4F2FE19D5E07200D9F7D8 /* Default-736h.png */,
				30B4F2FF19D5E07200D9F7D8 /* Default-Landscape-736h.png */,
				D4A0D8751607E02300AEF8BB /* Default-568h@2x~iphone.png */,
				3088BBB7154F3926009F9C59 /* Default-Landscape@2x~ipad.png */,
				3088BBB8154F3926009F9C59 /* Default-Landscape~ipad.png */,
				3088BBB9154F3926009F9C59 /* Default-Portrait@2x~ipad.png */,
				3088BBBA154F3926009F9C59 /* Default-Portrait~ipad.png */,
				3088BBBB154F3926009F9C59 /* Default@2x~iphone.png */,
				3088BBBC154F3926009F9C59 /* Default~iphone.png */,
			);
			path = splash;
			sourceTree = "<group>";
		};
		A106A3D21BC8D399001481D0 /* Common */ = {
			isa = PBXGroup;
			children = (
				A106A3D31BC8D399001481D0 /* BaseNativeBridge.h */,
				A106A3D41BC8D399001481D0 /* BaseNativeBridge.m */,
				A106A3D51BC8D399001481D0 /* BookNativeBridge.h */,
				A106A3D61BC8D399001481D0 /* BookNativeBridge.m */,
				A106A3D71BC8D399001481D0 /* CommonNetworkEngine.m */,
				A106A3D81BC8D399001481D0 /* CommonNetworkKit.h */,
				A106A3D91BC8D399001481D0 /* CommonNetworkOperation.m */,
				A106A3DA1BC8D399001481D0 /* FlowNativeBridge.h */,
				A106A3DB1BC8D399001481D0 /* FlowNativeBridge.m */,
				A106A3DC1BC8D399001481D0 /* Global.h */,
				A106A3DD1BC8D399001481D0 /* Global.m */,
				A106A3DE1BC8D399001481D0 /* LogMacro.h */,
				A106A3DF1BC8D399001481D0 /* NetworkEngine.h */,
				A106A3E01BC8D399001481D0 /* NetworkEngine.m */,
				A106A3E11BC8D399001481D0 /* NSData+Base64.h */,
				A106A3E21BC8D399001481D0 /* NSData+Base64.m */,
				A106A3E31BC8D399001481D0 /* NSDate+RFC1123.h */,
				A106A3E41BC8D399001481D0 /* NSDate+RFC1123.m */,
				A106A3E51BC8D399001481D0 /* NSDictionary+RequestEncoding.h */,
				A106A3E61BC8D399001481D0 /* NSDictionary+RequestEncoding.m */,
				A106A3E71BC8D399001481D0 /* NSString+MD5Addition.h */,
				A106A3E81BC8D399001481D0 /* NSString+MD5Addition.m */,
				A106A3E91BC8D399001481D0 /* NSString+NetworkKitAdditions.h */,
				A106A3EA1BC8D399001481D0 /* NSString+NetworkKitAdditions.m */,
				A106A3EB1BC8D399001481D0 /* ProjectViewController.h */,
				A106A3EC1BC8D399001481D0 /* ProjectViewController.m */,
				A106A3ED1BC8D399001481D0 /* QRCodeOutlineBox.h */,
				A106A3EE1BC8D399001481D0 /* QRCodeOutlineBox.m */,
				A106A3EF1BC8D399001481D0 /* QRCodeViewController.h */,
				A106A3F01BC8D399001481D0 /* QRCodeViewController.m */,
				A106A3F11BC8D399001481D0 /* QRCodeViewController.xib */,
				A106A3F21BC8D399001481D0 /* ResubmittableRecordStore.h */,
				A106A3F31BC8D399001481D0 /* ResubmittableRecordStore.m */,
				A106A3F41BC8D399001481D0 /* SecurityContext.h */,
				A106A3F51BC8D399001481D0 /* SecurityContext.m */,
				A106A3F61BC8D399001481D0 /* UIDevice+IdentifierAddition.h */,
				A106A3F71BC8D399001481D0 /* UIDevice+IdentifierAddition.m */,
				A106A3F81BC8D399001481D0 /* UserDetails.h */,
				A106A3F91BC8D399001481D0 /* UserDetails.m */,
			);
			name = Common;
			path = ../../../../Common/src/ios;
			sourceTree = "<group>";
		};
		A1133D8B1BD5ECFF0041746B /* Products */ = {
			isa = PBXGroup;
			children = (
				A1133D8F1BD5ECFF0041746B /* libBVLinearGradient.a */,
			);
			name = Products;
			sourceTree = "<group>";
		};
		A124BC761BCFF2C2004105D1 /* Libraries */ = {
			isa = PBXGroup;
			children = (
				A1C83C081BD6864300D29F76 /* RNBlur.xcodeproj */,
				A1133D8A1BD5ECFF0041746B /* BVLinearGradient.xcodeproj */,
				A1877F6A1BD5320D00EACBDB /* RNOverlay.xcodeproj */,
				A14A4D961BD3730F00651768 /* RNVectorIcons.xcodeproj */,
				A124BCAD1BCFF3BC004105D1 /* React.xcodeproj */,
				A124BCA71BCFF391004105D1 /* RCTActionSheet.xcodeproj */,
				A124BCA11BCFF37F004105D1 /* RCTGeolocation.xcodeproj */,
				A124BC9B1BCFF36E004105D1 /* RCTImage.xcodeproj */,
				A124BC951BCFF35E004105D1 /* RCTLinking.xcodeproj */,
				A124BC8F1BCFF34E004105D1 /* RCTNetwork.xcodeproj */,
				A124BC891BCFF337004105D1 /* RCTSettings.xcodeproj */,
				A124BC831BCFF327004105D1 /* RCTText.xcodeproj */,
				A124BC7D1BCFF312004105D1 /* RCTVibration.xcodeproj */,
				A124BC771BCFF2FD004105D1 /* RCTWebSocket.xcodeproj */,
			);
			name = Libraries;
			sourceTree = "<group>";
		};
		A124BC781BCFF2FD004105D1 /* Products */ = {
			isa = PBXGroup;
			children = (
				A124BC7C1BCFF2FD004105D1 /* libRCTWebSocket.a */,
			);
			name = Products;
			sourceTree = "<group>";
		};
		A124BC7E1BCFF312004105D1 /* Products */ = {
			isa = PBXGroup;
			children = (
				A124BC821BCFF312004105D1 /* libRCTVibration.a */,
			);
			name = Products;
			sourceTree = "<group>";
		};
		A124BC841BCFF327004105D1 /* Products */ = {
			isa = PBXGroup;
			children = (
				A124BC881BCFF327004105D1 /* libRCTText.a */,
			);
			name = Products;
			sourceTree = "<group>";
		};
		A124BC8A1BCFF337004105D1 /* Products */ = {
			isa = PBXGroup;
			children = (
				A124BC8E1BCFF337004105D1 /* libRCTSettings.a */,
			);
			name = Products;
			sourceTree = "<group>";
		};
		A124BC901BCFF34E004105D1 /* Products */ = {
			isa = PBXGroup;
			children = (
				A124BC941BCFF34E004105D1 /* libRCTNetwork.a */,
			);
			name = Products;
			sourceTree = "<group>";
		};
		A124BC961BCFF35E004105D1 /* Products */ = {
			isa = PBXGroup;
			children = (
				A124BC9A1BCFF35E004105D1 /* libRCTLinking.a */,
			);
			name = Products;
			sourceTree = "<group>";
		};
		A124BC9C1BCFF36E004105D1 /* Products */ = {
			isa = PBXGroup;
			children = (
				A124BCA01BCFF36E004105D1 /* libRCTImage.a */,
			);
			name = Products;
			sourceTree = "<group>";
		};
		A124BCA21BCFF37F004105D1 /* Products */ = {
			isa = PBXGroup;
			children = (
				A124BCA61BCFF37F004105D1 /* libRCTGeolocation.a */,
			);
			name = Products;
			sourceTree = "<group>";
		};
		A124BCA81BCFF391004105D1 /* Products */ = {
			isa = PBXGroup;
			children = (
				A124BCAC1BCFF391004105D1 /* libRCTActionSheet.a */,
			);
			name = Products;
			sourceTree = "<group>";
		};
		A124BCAE1BCFF3BC004105D1 /* Products */ = {
			isa = PBXGroup;
			children = (
				A124BCB21BCFF3BD004105D1 /* libReact.a */,
			);
			name = Products;
			sourceTree = "<group>";
		};
		A14A4D971BD3730F00651768 /* Products */ = {
			isa = PBXGroup;
			children = (
				A14A4D9B1BD3731000651768 /* libRNVectorIcons.a */,
			);
			name = Products;
			sourceTree = "<group>";
		};
		A14A4D9D1BD3736A00651768 /* Fonts */ = {
			isa = PBXGroup;
			children = (
				A14A4D9E1BD3736A00651768 /* Entypo.ttf */,
				A14A4D9F1BD3736A00651768 /* EvilIcons.ttf */,
				A14A4DA01BD3736A00651768 /* FontAwesome.ttf */,
				A14A4DA11BD3736A00651768 /* Foundation.ttf */,
				A14A4DA21BD3736A00651768 /* Ionicons.ttf */,
				A14A4DA31BD3736A00651768 /* MaterialIcons.ttf */,
				A14A4DA41BD3736A00651768 /* Octicons.ttf */,
				A14A4DA51BD3736A00651768 /* Zocial.ttf */,
			);
			path = Fonts;
			sourceTree = "<group>";
		};
		A1877F6B1BD5320D00EACBDB /* Products */ = {
			isa = PBXGroup;
			children = (
				A1877F6F1BD5320D00EACBDB /* libRNOverlay.a */,
			);
			name = Products;
			sourceTree = "<group>";
		};
		A1C83C091BD6864300D29F76 /* Products */ = {
			isa = PBXGroup;
			children = (
				A1C83C0D1BD6864300D29F76 /* libRNBlur.a */,
			);
			name = Products;
			sourceTree = "<group>";
		};
		B0FEE03788AA5A7BA35E1603 /* Pods */ = {
			isa = PBXGroup;
			children = (
				4417C82B30224E9EE73B8DA6 /* Pods-MeeletBook.debug.xcconfig */,
				7C6B14CFD49DAACA4644BD2C /* Pods-MeeletBook.release.xcconfig */,
			);
			name = Pods;
			sourceTree = "<group>";
		};
		EB87FDF11871DA420020F90C /* Staging */ = {
			isa = PBXGroup;
			children = (
				F840E1F0165FE0F500CFE078 /* config.xml */,
				301BF56E109A69640062928A /* www */,
			);
			name = Staging;
			sourceTree = "<group>";
		};
/* End PBXGroup section */

/* Begin PBXNativeTarget section */
		1D6058900D05DD3D006BFB54 /* MeeletBook */ = {
			isa = PBXNativeTarget;
			buildConfigurationList = 1D6058960D05DD3E006BFB54 /* Build configuration list for PBXNativeTarget "MeeletBook" */;
			buildPhases = (
				4A9F92B6478FF445755D76C4 /* Check Pods Manifest.lock */,
				304B58A110DAC018002A0835 /* Copy www directory */,
				1D60588D0D05DD3D006BFB54 /* Resources */,
				1D60588E0D05DD3D006BFB54 /* Sources */,
				1D60588F0D05DD3D006BFB54 /* Frameworks */,
				A1E912914F1C1B98028FA1FC /* Copy Pods Resources */,
			);
			buildRules = (
			);
			dependencies = (
				301BF551109A68C00062928A /* PBXTargetDependency */,
			);
			name = MeeletBook;
			productName = MeeletBook;
			productReference = 1D6058910D05DD3D006BFB54 /* MeeletBook.app */;
			productType = "com.apple.product-type.application";
		};
/* End PBXNativeTarget section */

/* Begin PBXProject section */
		29B97313FDCFA39411CA2CEA /* Project object */ = {
			isa = PBXProject;
			attributes = {
				LastUpgradeCheck = 510;
				TargetAttributes = {
					1D6058900D05DD3D006BFB54 = {
						DevelopmentTeam = WLDT4A7K64;
					};
				};
			};
			buildConfigurationList = C01FCF4E08A954540054247B /* Build configuration list for PBXProject "MeeletBook" */;
			compatibilityVersion = "Xcode 3.2";
			developmentRegion = English;
			hasScannedForEncodings = 1;
			knownRegions = (
				English,
				Japanese,
				French,
				German,
				en,
				es,
				de,
				se,
				Base,
			);
			mainGroup = 29B97314FDCFA39411CA2CEA /* CustomTemplate */;
			projectDirPath = "";
			projectReferences = (
				{
					ProductGroup = A1133D8B1BD5ECFF0041746B /* Products */;
					ProjectRef = A1133D8A1BD5ECFF0041746B /* BVLinearGradient.xcodeproj */;
				},
				{
					ProductGroup = 301BF52E109A57CC0062928A /* Products */;
					ProjectRef = 301BF52D109A57CC0062928A /* CordovaLib.xcodeproj */;
				},
				{
					ProductGroup = A124BCA81BCFF391004105D1 /* Products */;
					ProjectRef = A124BCA71BCFF391004105D1 /* RCTActionSheet.xcodeproj */;
				},
				{
					ProductGroup = A124BCA21BCFF37F004105D1 /* Products */;
					ProjectRef = A124BCA11BCFF37F004105D1 /* RCTGeolocation.xcodeproj */;
				},
				{
					ProductGroup = A124BC9C1BCFF36E004105D1 /* Products */;
					ProjectRef = A124BC9B1BCFF36E004105D1 /* RCTImage.xcodeproj */;
				},
				{
					ProductGroup = A124BC961BCFF35E004105D1 /* Products */;
					ProjectRef = A124BC951BCFF35E004105D1 /* RCTLinking.xcodeproj */;
				},
				{
					ProductGroup = A124BC901BCFF34E004105D1 /* Products */;
					ProjectRef = A124BC8F1BCFF34E004105D1 /* RCTNetwork.xcodeproj */;
				},
				{
					ProductGroup = A124BC8A1BCFF337004105D1 /* Products */;
					ProjectRef = A124BC891BCFF337004105D1 /* RCTSettings.xcodeproj */;
				},
				{
					ProductGroup = A124BC841BCFF327004105D1 /* Products */;
					ProjectRef = A124BC831BCFF327004105D1 /* RCTText.xcodeproj */;
				},
				{
					ProductGroup = A124BC7E1BCFF312004105D1 /* Products */;
					ProjectRef = A124BC7D1BCFF312004105D1 /* RCTVibration.xcodeproj */;
				},
				{
					ProductGroup = A124BC781BCFF2FD004105D1 /* Products */;
					ProjectRef = A124BC771BCFF2FD004105D1 /* RCTWebSocket.xcodeproj */;
				},
				{
					ProductGroup = A124BCAE1BCFF3BC004105D1 /* Products */;
					ProjectRef = A124BCAD1BCFF3BC004105D1 /* React.xcodeproj */;
				},
				{
					ProductGroup = A1C83C091BD6864300D29F76 /* Products */;
					ProjectRef = A1C83C081BD6864300D29F76 /* RNBlur.xcodeproj */;
				},
				{
					ProductGroup = A1877F6B1BD5320D00EACBDB /* Products */;
					ProjectRef = A1877F6A1BD5320D00EACBDB /* RNOverlay.xcodeproj */;
				},
				{
					ProductGroup = A14A4D971BD3730F00651768 /* Products */;
					ProjectRef = A14A4D961BD3730F00651768 /* RNVectorIcons.xcodeproj */;
				},
			);
			projectRoot = "";
			targets = (
				1D6058900D05DD3D006BFB54 /* MeeletBook */,
			);
		};
/* End PBXProject section */

/* Begin PBXReferenceProxy section */
		301BF535109A57CC0062928A /* libCordova.a */ = {
			isa = PBXReferenceProxy;
			fileType = archive.ar;
			path = libCordova.a;
			remoteRef = 301BF534109A57CC0062928A /* PBXContainerItemProxy */;
			sourceTree = BUILT_PRODUCTS_DIR;
		};
		A1133D8F1BD5ECFF0041746B /* libBVLinearGradient.a */ = {
			isa = PBXReferenceProxy;
			fileType = archive.ar;
			path = libBVLinearGradient.a;
			remoteRef = A1133D8E1BD5ECFF0041746B /* PBXContainerItemProxy */;
			sourceTree = BUILT_PRODUCTS_DIR;
		};
		A124BC7C1BCFF2FD004105D1 /* libRCTWebSocket.a */ = {
			isa = PBXReferenceProxy;
			fileType = archive.ar;
			path = libRCTWebSocket.a;
			remoteRef = A124BC7B1BCFF2FD004105D1 /* PBXContainerItemProxy */;
			sourceTree = BUILT_PRODUCTS_DIR;
		};
		A124BC821BCFF312004105D1 /* libRCTVibration.a */ = {
			isa = PBXReferenceProxy;
			fileType = archive.ar;
			path = libRCTVibration.a;
			remoteRef = A124BC811BCFF312004105D1 /* PBXContainerItemProxy */;
			sourceTree = BUILT_PRODUCTS_DIR;
		};
		A124BC881BCFF327004105D1 /* libRCTText.a */ = {
			isa = PBXReferenceProxy;
			fileType = archive.ar;
			path = libRCTText.a;
			remoteRef = A124BC871BCFF327004105D1 /* PBXContainerItemProxy */;
			sourceTree = BUILT_PRODUCTS_DIR;
		};
		A124BC8E1BCFF337004105D1 /* libRCTSettings.a */ = {
			isa = PBXReferenceProxy;
			fileType = archive.ar;
			path = libRCTSettings.a;
			remoteRef = A124BC8D1BCFF337004105D1 /* PBXContainerItemProxy */;
			sourceTree = BUILT_PRODUCTS_DIR;
		};
		A124BC941BCFF34E004105D1 /* libRCTNetwork.a */ = {
			isa = PBXReferenceProxy;
			fileType = archive.ar;
			path = libRCTNetwork.a;
			remoteRef = A124BC931BCFF34E004105D1 /* PBXContainerItemProxy */;
			sourceTree = BUILT_PRODUCTS_DIR;
		};
		A124BC9A1BCFF35E004105D1 /* libRCTLinking.a */ = {
			isa = PBXReferenceProxy;
			fileType = archive.ar;
			path = libRCTLinking.a;
			remoteRef = A124BC991BCFF35E004105D1 /* PBXContainerItemProxy */;
			sourceTree = BUILT_PRODUCTS_DIR;
		};
		A124BCA01BCFF36E004105D1 /* libRCTImage.a */ = {
			isa = PBXReferenceProxy;
			fileType = archive.ar;
			path = libRCTImage.a;
			remoteRef = A124BC9F1BCFF36E004105D1 /* PBXContainerItemProxy */;
			sourceTree = BUILT_PRODUCTS_DIR;
		};
		A124BCA61BCFF37F004105D1 /* libRCTGeolocation.a */ = {
			isa = PBXReferenceProxy;
			fileType = archive.ar;
			path = libRCTGeolocation.a;
			remoteRef = A124BCA51BCFF37F004105D1 /* PBXContainerItemProxy */;
			sourceTree = BUILT_PRODUCTS_DIR;
		};
		A124BCAC1BCFF391004105D1 /* libRCTActionSheet.a */ = {
			isa = PBXReferenceProxy;
			fileType = archive.ar;
			path = libRCTActionSheet.a;
			remoteRef = A124BCAB1BCFF391004105D1 /* PBXContainerItemProxy */;
			sourceTree = BUILT_PRODUCTS_DIR;
		};
		A124BCB21BCFF3BD004105D1 /* libReact.a */ = {
			isa = PBXReferenceProxy;
			fileType = archive.ar;
			path = libReact.a;
			remoteRef = A124BCB11BCFF3BD004105D1 /* PBXContainerItemProxy */;
			sourceTree = BUILT_PRODUCTS_DIR;
		};
		A14A4D9B1BD3731000651768 /* libRNVectorIcons.a */ = {
			isa = PBXReferenceProxy;
			fileType = archive.ar;
			path = libRNVectorIcons.a;
			remoteRef = A14A4D9A1BD3731000651768 /* PBXContainerItemProxy */;
			sourceTree = BUILT_PRODUCTS_DIR;
		};
		A1877F6F1BD5320D00EACBDB /* libRNOverlay.a */ = {
			isa = PBXReferenceProxy;
			fileType = archive.ar;
			path = libRNOverlay.a;
			remoteRef = A1877F6E1BD5320D00EACBDB /* PBXContainerItemProxy */;
			sourceTree = BUILT_PRODUCTS_DIR;
		};
		A1C83C0D1BD6864300D29F76 /* libRNBlur.a */ = {
			isa = PBXReferenceProxy;
			fileType = archive.ar;
			path = libRNBlur.a;
			remoteRef = A1C83C0C1BD6864300D29F76 /* PBXContainerItemProxy */;
			sourceTree = BUILT_PRODUCTS_DIR;
		};
/* End PBXReferenceProxy section */

/* Begin PBXResourcesBuildPhase section */
		1D60588D0D05DD3D006BFB54 /* Resources */ = {
			isa = PBXResourcesBuildPhase;
			buildActionMask = 2147483647;
			files = (
				7E7966E41810823500FA85AD /* icon-76.png in Resources */,
				A14A4DA91BD3736A00651768 /* Foundation.ttf in Resources */,
				A14A4DAA1BD3736A00651768 /* Ionicons.ttf in Resources */,
				A14A4DA71BD3736A00651768 /* EvilIcons.ttf in Resources */,
				A14A4DAD1BD3736A00651768 /* Zocial.ttf in Resources */,
				7E7966DF1810823500FA85AD /* icon-40@2x.png in Resources */,
				A14A4DAB1BD3736A00651768 /* MaterialIcons.ttf in Resources */,
				308D05371370CCF300D202BF /* icon-72.png in Resources */,
				30B4F30119D5E07200D9F7D8 /* Default-736h.png in Resources */,
				308D05381370CCF300D202BF /* icon.png in Resources */,
				A14A4DA61BD3736A00651768 /* Entypo.ttf in Resources */,
				308D05391370CCF300D202BF /* icon@2x.png in Resources */,
				A124BCC01BCFF578004105D1 /* main.jsbundle in Resources */,
				302D95F214D2391D003F00A1 /* MainViewController.xib in Resources */,
				7E7966E01810823500FA85AD /* icon-50.png in Resources */,
				A17A481D1BE36B4800205CDE /* book-3.png in Resources */,
				7E7966E31810823500FA85AD /* icon-60@2x.png in Resources */,
				A124BCCD1BCFF74F004105D1 /* LaunchScreen.xib in Resources */,
				A14A4DAC1BD3736A00651768 /* Octicons.ttf in Resources */,
				7E7966E61810823500FA85AD /* icon-small.png in Resources */,
				3088BBBD154F3926009F9C59 /* Default-Landscape@2x~ipad.png in Resources */,
				3088BBBE154F3926009F9C59 /* Default-Landscape~ipad.png in Resources */,
				3088BBBF154F3926009F9C59 /* Default-Portrait@2x~ipad.png in Resources */,
				7E7966E71810823500FA85AD /* icon-small@2x.png in Resources */,
				A1B101DE1BDDCF6F0021D129 /* Images.xcassets in Resources */,
				3088BBC0154F3926009F9C59 /* Default-Portrait~ipad.png in Resources */,
				30B4F30019D5E07200D9F7D8 /* Default-667h.png in Resources */,
				A17A481B1BE36B4800205CDE /* book-1.png in Resources */,
				7E7966DE1810823500FA85AD /* icon-40.png in Resources */,
				3088BBC1154F3926009F9C59 /* Default@2x~iphone.png in Resources */,
				A12252991BDF7129000CFD8C /* MaterialIcons.js in Resources */,
				7E7966E21810823500FA85AD /* icon-60.png in Resources */,
				A1926F641B96F529000686B7 /* Settings.bundle in Resources */,
				3088BBC2154F3926009F9C59 /* Default~iphone.png in Resources */,
				D4A0D8761607E02300AEF8BB /* Default-568h@2x~iphone.png in Resources */,
				30B4F30219D5E07200D9F7D8 /* Default-Landscape-736h.png in Resources */,
				30C1856619D5FC0A00212699 /* icon-60@3x.png in Resources */,
				A1B101CC1BDDCD940021D129 /* dog1-character.png in Resources */,
				7E7966E11810823500FA85AD /* icon-50@2x.png in Resources */,
				A1B101CE1BDDCD940021D129 /* fox-character.png in Resources */,
				7E7966E51810823500FA85AD /* icon-76@2x.png in Resources */,
				A106A4091BC8D399001481D0 /* QRCodeViewController.xib in Resources */,
				30FC414916E50CA1004E6F35 /* icon-72@2x.png in Resources */,
				A14A4DA81BD3736A00651768 /* FontAwesome.ttf in Resources */,
				A17A481C1BE36B4800205CDE /* book-2.png in Resources */,
			);
			runOnlyForDeploymentPostprocessing = 0;
		};
/* End PBXResourcesBuildPhase section */

/* Begin PBXShellScriptBuildPhase section */
		304B58A110DAC018002A0835 /* Copy www directory */ = {
			isa = PBXShellScriptBuildPhase;
			buildActionMask = 2147483647;
			files = (
			);
			inputPaths = (
			);
			name = "Copy www directory";
			outputPaths = (
			);
			runOnlyForDeploymentPostprocessing = 0;
			shellPath = /bin/sh;
			shellScript = "NODEJS_PATH=/usr/local/bin; NVM_NODE_PATH=~/.nvm/versions/node/`nvm version 2>/dev/null`/bin; N_NODE_PATH=`find /usr/local/n/versions/node/* -maxdepth 0 -type d 2>/dev/null | tail -1`/bin; XCODE_NODE_PATH=`xcode-select --print-path`/usr/share/xcs/Node/bin; PATH=$NODEJS_PATH:$NVM_NODE_PATH:$N_NODE_PATH:$XCODE_NODE_PATH:$PATH && node cordova/lib/copy-www-build-step.js";
			showEnvVarsInLog = 0;
		};
		4A9F92B6478FF445755D76C4 /* Check Pods Manifest.lock */ = {
			isa = PBXShellScriptBuildPhase;
			buildActionMask = 2147483647;
			files = (
			);
			inputPaths = (
			);
			name = "Check Pods Manifest.lock";
			outputPaths = (
			);
			runOnlyForDeploymentPostprocessing = 0;
			shellPath = /bin/sh;
			shellScript = "diff \"${PODS_ROOT}/../Podfile.lock\" \"${PODS_ROOT}/Manifest.lock\" > /dev/null\nif [[ $? != 0 ]] ; then\n    cat << EOM\nerror: The sandbox is not in sync with the Podfile.lock. Run 'pod install' or update your CocoaPods installation.\nEOM\n    exit 1\nfi\n";
			showEnvVarsInLog = 0;
		};
		A1E912914F1C1B98028FA1FC /* Copy Pods Resources */ = {
			isa = PBXShellScriptBuildPhase;
			buildActionMask = 2147483647;
			files = (
			);
			inputPaths = (
			);
			name = "Copy Pods Resources";
			outputPaths = (
			);
			runOnlyForDeploymentPostprocessing = 0;
			shellPath = /bin/sh;
			shellScript = "\"${SRCROOT}/Pods/Target Support Files/Pods-MeeletBook/Pods-MeeletBook-resources.sh\"\n";
			showEnvVarsInLog = 0;
		};
/* End PBXShellScriptBuildPhase section */

/* Begin PBXSourcesBuildPhase section */
		1D60588E0D05DD3D006BFB54 /* Sources */ = {
			isa = PBXSourcesBuildPhase;
			buildActionMask = 2147483647;
			files = (
				A106A3FF1BC8D399001481D0 /* Global.m in Sources */,
				1D60589B0D05DD56006BFB54 /* main.m in Sources */,
				1D3623260D0F684500981E51 /* AppDelegate.m in Sources */,
				A106A40D1BC8D399001481D0 /* UserDetails.m in Sources */,
				A106A4061BC8D399001481D0 /* ProjectViewController.m in Sources */,
				A106A4071BC8D399001481D0 /* QRCodeOutlineBox.m in Sources */,
				A106A4011BC8D399001481D0 /* NSData+Base64.m in Sources */,
				A1371FE81BDE1CCD005EFA0D /* LocalResourceManager.m in Sources */,
				302D95F114D2391D003F00A1 /* MainViewController.m in Sources */,
				A106A3FA1BC8D399001481D0 /* BaseNativeBridge.m in Sources */,
				A106A40C1BC8D399001481D0 /* UIDevice+IdentifierAddition.m in Sources */,
				A106A3FB1BC8D399001481D0 /* BookNativeBridge.m in Sources */,
				A106A4051BC8D399001481D0 /* NSString+NetworkKitAdditions.m in Sources */,
				A106A3FD1BC8D399001481D0 /* CommonNetworkOperation.m in Sources */,
				A106A4021BC8D399001481D0 /* NSDate+RFC1123.m in Sources */,
				A106A40B1BC8D399001481D0 /* SecurityContext.m in Sources */,
				A106A4001BC8D399001481D0 /* NetworkEngine.m in Sources */,
				0EC9EB86767F48538AA3C519 /* UIImage+CropScaleOrientation.m in Sources */,
				A106A4031BC8D399001481D0 /* NSDictionary+RequestEncoding.m in Sources */,
				859609AA9FF7421CB196228C /* CDVCamera.m in Sources */,
				6A36C782A778497D86C66035 /* CDVJpegHeaderWriter.m in Sources */,
				A106A3FC1BC8D399001481D0 /* CommonNetworkEngine.m in Sources */,
				A106A40A1BC8D399001481D0 /* ResubmittableRecordStore.m in Sources */,
				A106A4041BC8D399001481D0 /* NSString+MD5Addition.m in Sources */,
				A106A3FE1BC8D399001481D0 /* FlowNativeBridge.m in Sources */,
				A106A4081BC8D399001481D0 /* QRCodeViewController.m in Sources */,
			);
			runOnlyForDeploymentPostprocessing = 0;
		};
/* End PBXSourcesBuildPhase section */

/* Begin PBXTargetDependency section */
		301BF551109A68C00062928A /* PBXTargetDependency */ = {
			isa = PBXTargetDependency;
			name = CordovaLib;
			targetProxy = 301BF550109A68C00062928A /* PBXContainerItemProxy */;
		};
/* End PBXTargetDependency section */

/* Begin PBXVariantGroup section */
		A124BCCB1BCFF74F004105D1 /* LaunchScreen.xib */ = {
			isa = PBXVariantGroup;
			children = (
				A124BCCC1BCFF74F004105D1 /* Base */,
			);
			name = LaunchScreen.xib;
			sourceTree = "<group>";
		};
/* End PBXVariantGroup section */

/* Begin XCBuildConfiguration section */
		1D6058940D05DD3E006BFB54 /* Debug */ = {
			isa = XCBuildConfiguration;
			baseConfigurationReference = 4417C82B30224E9EE73B8DA6 /* Pods-MeeletBook.debug.xcconfig */;
			buildSettings = {
				ALWAYS_SEARCH_USER_PATHS = NO;
				CLANG_ENABLE_OBJC_ARC = YES;
				CODE_SIGN_IDENTITY = "iPhone Developer";
				COMMONS_LIBRARY_LDFLAGS = "-ObjC -fobjc-arc -lxml2 -framework MapKit -framework Security -framework SystemConfiguration -framework CoreGraphics -framework CFNetwork -framework CoreData";
				COPY_PHASE_STRIP = NO;
				FRAMEWORK_SEARCH_PATHS = (
					"$(inherited)",
					"$(PROJECT_DIR)/Pods/build/Framework",
				);
				GCC_DYNAMIC_NO_PIC = NO;
				GCC_OPTIMIZATION_LEVEL = 0;
				GCC_PRECOMPILE_PREFIX_HEADER = YES;
				GCC_PREFIX_HEADER = "MeeletBook/MeeletBook-Prefix.pch";
				GCC_THUMB_SUPPORT = NO;
				GCC_VERSION = "";
				HEADER_SEARCH_PATHS = (
					"$(inherited)",
					"\"${PODS_ROOT}/Headers/Public\"",
					"\"${PODS_ROOT}/Headers/Public/CocoaAsyncSocket\"",
					"\"${PODS_ROOT}/Headers/Public/CocoaHTTPServer\"",
					"\"${PODS_ROOT}/Headers/Public/CocoaLumberjack\"",
					"\"${PODS_ROOT}/Headers/Public/FreeStreamer\"",
					"\"${PODS_ROOT}/Headers/Public/JSONKit\"",
					"\"${PODS_ROOT}/Headers/Public/Reachability\"",
					"\"${PODS_ROOT}/Headers/Public/SSZipArchive\"",
					"\"${PODS_ROOT}/Headers/Public/ZBarSDK\"",
					"\"$(SDKROOT)/usr/include/libxml2\"",
					/Applications/Xcode.app/Contents/Developer/Toolchains/XcodeDefault.xctoolchain/usr/include,
					"$(SRCROOT)/../node_modules/react-native/React/**",
				);
				INFOPLIST_FILE = "MeeletBook/MeeletBook-Info.plist";
				IPHONEOS_DEPLOYMENT_TARGET = 7.1;
				LIBRARY_SEARCH_PATHS = (
					"$(inherited)",
					"$(PROJECT_DIR)",
				);
				MTL_ENABLE_DEBUG_INFO = YES;
				OTHER_LDFLAGS = (
					"-weak_framework",
					CoreFoundation,
					"-weak_framework",
					UIKit,
					"-weak_framework",
					AVFoundation,
					"-weak_framework",
					CoreMedia,
					"-weak-lSystem",
					"-ObjC",
					"$(BUILT_PRODUCTS_DIR)/libCordova.a",
					"${COMMONS_LIBRARY_LDFLAGS}",
					"-lz",
					"${PODS_LIBRARY_LDFLAGS}",
				);
				PODS_LIBRARY_LDFLAGS = "-framework AVFoundation -framework CoreGraphics -framework CoreMedia -framework CoreVideo -framework QuartzCore -liconv -lstdc++";
				PRODUCT_NAME = MeeletBook;
				PROVISIONING_PROFILE = "e0f85e00-10d7-40dc-bf3c-3b69cd35c2de";
				TARGETED_DEVICE_FAMILY = 2;
			};
			name = Debug;
		};
		1D6058950D05DD3E006BFB54 /* Release */ = {
			isa = XCBuildConfiguration;
			baseConfigurationReference = 7C6B14CFD49DAACA4644BD2C /* Pods-MeeletBook.release.xcconfig */;
			buildSettings = {
				ALWAYS_SEARCH_USER_PATHS = NO;
				CLANG_ENABLE_OBJC_ARC = YES;
				CODE_SIGN_IDENTITY = "iPhone Developer";
				COMMONS_LIBRARY_LDFLAGS = "-ObjC -fobjc-arc -lxml2 -framework MapKit -framework Security -framework SystemConfiguration -framework CoreGraphics -framework CFNetwork -framework CoreData";
				COPY_PHASE_STRIP = YES;
				FRAMEWORK_SEARCH_PATHS = (
					"$(inherited)",
					"$(PROJECT_DIR)/Pods/build/Framework",
				);
				GCC_PRECOMPILE_PREFIX_HEADER = YES;
				GCC_PREFIX_HEADER = "MeeletBook/MeeletBook-Prefix.pch";
				GCC_THUMB_SUPPORT = NO;
				GCC_VERSION = "";
				HEADER_SEARCH_PATHS = (
					"$(inherited)",
					"\"${PODS_ROOT}/Headers/Public\"",
					"\"${PODS_ROOT}/Headers/Public/CocoaAsyncSocket\"",
					"\"${PODS_ROOT}/Headers/Public/CocoaHTTPServer\"",
					"\"${PODS_ROOT}/Headers/Public/CocoaLumberjack\"",
					"\"${PODS_ROOT}/Headers/Public/FreeStreamer\"",
					"\"${PODS_ROOT}/Headers/Public/JSONKit\"",
					"\"${PODS_ROOT}/Headers/Public/Reachability\"",
					"\"${PODS_ROOT}/Headers/Public/SSZipArchive\"",
					"\"${PODS_ROOT}/Headers/Public/ZBarSDK\"",
					"\"$(SDKROOT)/usr/include/libxml2\"",
					/Applications/Xcode.app/Contents/Developer/Toolchains/XcodeDefault.xctoolchain/usr/include,
					"$(SRCROOT)/../node_modules/react-native/React/**",
				);
				INFOPLIST_FILE = "MeeletBook/MeeletBook-Info.plist";
				IPHONEOS_DEPLOYMENT_TARGET = 7.1;
				LIBRARY_SEARCH_PATHS = (
					"$(inherited)",
					"$(PROJECT_DIR)",
				);
				MTL_ENABLE_DEBUG_INFO = NO;
				OTHER_LDFLAGS = (
					"-weak_framework",
					CoreFoundation,
					"-weak_framework",
					UIKit,
					"-weak_framework",
					AVFoundation,
					"-weak_framework",
					CoreMedia,
					"-weak-lSystem",
					"-ObjC",
					"$(BUILT_PRODUCTS_DIR)/libCordova.a",
					"${COMMONS_LIBRARY_LDFLAGS}",
					"-lz",
					"${PODS_LIBRARY_LDFLAGS}",
				);
				PODS_LIBRARY_LDFLAGS = "-framework AVFoundation -framework CoreGraphics -framework CoreMedia -framework CoreVideo -framework QuartzCore -liconv -lstdc++";
				PRODUCT_NAME = MeeletBook;
				PROVISIONING_PROFILE = "e0f85e00-10d7-40dc-bf3c-3b69cd35c2de";
				TARGETED_DEVICE_FAMILY = 2;
			};
			name = Release;
		};
		C01FCF4F08A954540054247B /* Debug */ = {
			isa = XCBuildConfiguration;
			buildSettings = {
				CLANG_ENABLE_OBJC_ARC = YES;
				CLANG_WARN_BOOL_CONVERSION = YES;
				CLANG_WARN_CONSTANT_CONVERSION = YES;
				CLANG_WARN_EMPTY_BODY = YES;
				CLANG_WARN_ENUM_CONVERSION = YES;
				CLANG_WARN_INT_CONVERSION = YES;
				CLANG_WARN__DUPLICATE_METHOD_MATCH = YES;
				"CODE_SIGN_IDENTITY[sdk=iphoneos*]" = "iPhone Developer";
				GCC_C_LANGUAGE_STANDARD = c99;
				GCC_THUMB_SUPPORT = NO;
				GCC_VERSION = "";
				GCC_WARN_ABOUT_RETURN_TYPE = YES;
				GCC_WARN_UNDECLARED_SELECTOR = YES;
				GCC_WARN_UNINITIALIZED_AUTOS = YES;
				GCC_WARN_UNUSED_FUNCTION = YES;
				GCC_WARN_UNUSED_VARIABLE = YES;
				HEADER_SEARCH_PATHS = (
					"\"$(TARGET_BUILD_DIR)/usr/local/lib/include\"",
					"\"$(OBJROOT)/UninstalledProducts/include\"",
					"\"$(BUILT_PRODUCTS_DIR)\"",
				);
				IPHONEOS_DEPLOYMENT_TARGET = 6.0;
				ONLY_ACTIVE_ARCH = YES;
				OTHER_LDFLAGS = (
					"-weak_framework",
					CoreFoundation,
					"-weak_framework",
					UIKit,
					"-weak_framework",
					AVFoundation,
					"-weak_framework",
					CoreMedia,
					"-weak-lSystem",
					"-ObjC",
				);
				SDKROOT = iphoneos;
				SKIP_INSTALL = NO;
				USER_HEADER_SEARCH_PATHS = "";
			};
			name = Debug;
		};
		C01FCF5008A954540054247B /* Release */ = {
			isa = XCBuildConfiguration;
			buildSettings = {
				CLANG_ENABLE_OBJC_ARC = YES;
				CLANG_WARN_BOOL_CONVERSION = YES;
				CLANG_WARN_CONSTANT_CONVERSION = YES;
				CLANG_WARN_EMPTY_BODY = YES;
				CLANG_WARN_ENUM_CONVERSION = YES;
				CLANG_WARN_INT_CONVERSION = YES;
				CLANG_WARN__DUPLICATE_METHOD_MATCH = YES;
				"CODE_SIGN_IDENTITY[sdk=iphoneos*]" = "iPhone Developer";
				GCC_C_LANGUAGE_STANDARD = c99;
				GCC_THUMB_SUPPORT = NO;
				GCC_VERSION = "";
				GCC_WARN_ABOUT_RETURN_TYPE = YES;
				GCC_WARN_UNDECLARED_SELECTOR = YES;
				GCC_WARN_UNINITIALIZED_AUTOS = YES;
				GCC_WARN_UNUSED_FUNCTION = YES;
				GCC_WARN_UNUSED_VARIABLE = YES;
				HEADER_SEARCH_PATHS = (
					"\"$(TARGET_BUILD_DIR)/usr/local/lib/include\"",
					"\"$(OBJROOT)/UninstalledProducts/include\"",
					"\"$(BUILT_PRODUCTS_DIR)\"",
				);
				IPHONEOS_DEPLOYMENT_TARGET = 6.0;
				OTHER_LDFLAGS = (
					"-weak_framework",
					CoreFoundation,
					"-weak_framework",
					UIKit,
					"-weak_framework",
					AVFoundation,
					"-weak_framework",
					CoreMedia,
					"-weak-lSystem",
					"-ObjC",
				);
				SDKROOT = iphoneos;
				SKIP_INSTALL = NO;
				USER_HEADER_SEARCH_PATHS = "";
			};
			name = Release;
		};
/* End XCBuildConfiguration section */

/* Begin XCConfigurationList section */
		1D6058960D05DD3E006BFB54 /* Build configuration list for PBXNativeTarget "MeeletBook" */ = {
			isa = XCConfigurationList;
			buildConfigurations = (
				1D6058940D05DD3E006BFB54 /* Debug */,
				1D6058950D05DD3E006BFB54 /* Release */,
			);
			defaultConfigurationIsVisible = 0;
			defaultConfigurationName = Release;
		};
		C01FCF4E08A954540054247B /* Build configuration list for PBXProject "MeeletBook" */ = {
			isa = XCConfigurationList;
			buildConfigurations = (
				C01FCF4F08A954540054247B /* Debug */,
				C01FCF5008A954540054247B /* Release */,
			);
			defaultConfigurationIsVisible = 0;
			defaultConfigurationName = Release;
		};
/* End XCConfigurationList section */
	};
	rootObject = 29B97313FDCFA39411CA2CEA /* Project object */;
}
